// !$*UTF8*$!
{
	archiveVersion = 1;
	classes = {
	};
	objectVersion = 50;
	objects = {

/* Begin PBXBuildFile section */
		500C0A562259402D000121CD /* DiskController.cpp in Sources */ = {isa = PBXBuildFile; fileRef = 500C0A542259402D000121CD /* DiskController.cpp */; };
		5014DD1521F3625200BC14BA /* Keyboard.cpp in Sources */ = {isa = PBXBuildFile; fileRef = 5014DD1321F3625200BC14BA /* Keyboard.cpp */; };
		501B821D2262FFB200042871 /* RTC.cpp in Sources */ = {isa = PBXBuildFile; fileRef = 501B821B2262FFB200042871 /* RTC.cpp */; };
		5020B17D21EF121E00B9E80E /* Agnus.cpp in Sources */ = {isa = PBXBuildFile; fileRef = 5020B17B21EF121E00B9E80E /* Agnus.cpp */; };
		5020B18021EF136100B9E80E /* Denise.cpp in Sources */ = {isa = PBXBuildFile; fileRef = 5020B17E21EF136100B9E80E /* Denise.cpp */; };
		502EFD0A2248EC0200F0E118 /* EventPanel.swift in Sources */ = {isa = PBXBuildFile; fileRef = 502EFD092248EC0200F0E118 /* EventPanel.swift */; };
		502EFD0C2248ECAA00F0E118 /* EventTableView.swift in Sources */ = {isa = PBXBuildFile; fileRef = 502EFD0B2248ECAA00F0E118 /* EventTableView.swift */; };
		502F7DCE2221706000AEEC65 /* Copper.cpp in Sources */ = {isa = PBXBuildFile; fileRef = 502F7DCD2221706000AEEC65 /* Copper.cpp */; };
		502F7DD42221E52200AEEC65 /* Colorizer.cpp in Sources */ = {isa = PBXBuildFile; fileRef = 502F7DD22221E52200AEEC65 /* Colorizer.cpp */; };
		5030891121EFA74600FEAD12 /* Paula.cpp in Sources */ = {isa = PBXBuildFile; fileRef = 5030890F21EFA74600FEAD12 /* Paula.cpp */; };
		50384C8621FC6B66006E7748 /* AmigaSnapshot.cpp in Sources */ = {isa = PBXBuildFile; fileRef = 50384C8421FC6B66006E7748 /* AmigaSnapshot.cpp */; };
		5043F6C5221972F90047CC30 /* MyToolbar.swift in Sources */ = {isa = PBXBuildFile; fileRef = 5043F6C4221972F90047CC30 /* MyToolbar.swift */; };
		504F9656220ACFE0005F8AB7 /* Breakpoint.cpp in Sources */ = {isa = PBXBuildFile; fileRef = 504F9654220ACFE0005F8AB7 /* Breakpoint.cpp */; };
		504F9658220B2CEE005F8AB7 /* BreakTableView.swift in Sources */ = {isa = PBXBuildFile; fileRef = 504F9657220B2CEE005F8AB7 /* BreakTableView.swift */; };
		505554AC2264C47600CB07E0 /* Mouse.cpp in Sources */ = {isa = PBXBuildFile; fileRef = 505554AA2264C47600CB07E0 /* Mouse.cpp */; };
		505A215022869FF10016EA21 /* AudioFilter.cpp in Sources */ = {isa = PBXBuildFile; fileRef = 505A214E22869FF10016EA21 /* AudioFilter.cpp */; };
		505A3A3A21F4996400132020 /* sse_utils.cpp in Sources */ = {isa = PBXBuildFile; fileRef = 505A3A3821F4996400132020 /* sse_utils.cpp */; };
		5064851121EC7A1700FC4AC3 /* Memory.cpp in Sources */ = {isa = PBXBuildFile; fileRef = 5064850F21EC7A1700FC4AC3 /* Memory.cpp */; };
		507653CB2216F91E001D26E9 /* AgnusPanel.swift in Sources */ = {isa = PBXBuildFile; fileRef = 507653CA2216F91E001D26E9 /* AgnusPanel.swift */; };
		507653CD2216F938001D26E9 /* DenisePanel.swift in Sources */ = {isa = PBXBuildFile; fileRef = 507653CC2216F938001D26E9 /* DenisePanel.swift */; };
		507FD926221CBFCD00B34DA7 /* CopperPanel.swift in Sources */ = {isa = PBXBuildFile; fileRef = 507FD925221CBFCD00B34DA7 /* CopperPanel.swift */; };
		5085FE5721FB3BAE009753EF /* EventHandler.cpp in Sources */ = {isa = PBXBuildFile; fileRef = 5085FE5521FB3BAE009753EF /* EventHandler.cpp */; };
		5085FE5921FB6856009753EF /* ProxyExtensions.swift in Sources */ = {isa = PBXBuildFile; fileRef = 5085FE5821FB6856009753EF /* ProxyExtensions.swift */; };
		508833EE21F0D21B009890EA /* ADFFile.cpp in Sources */ = {isa = PBXBuildFile; fileRef = 508833EC21F0D21B009890EA /* ADFFile.cpp */; };
		508E7F952206CDBD00F7D88C /* CPU.cpp in Sources */ = {isa = PBXBuildFile; fileRef = 508E7F932206CDBD00F7D88C /* CPU.cpp */; };
		508FDE6E21EA1FA50043D0E9 /* Assets.xcassets in Resources */ = {isa = PBXBuildFile; fileRef = 508FDE6D21EA1FA50043D0E9 /* Assets.xcassets */; };
		508FDE7D21EA1FA50043D0E9 /* VAmigaTests.swift in Sources */ = {isa = PBXBuildFile; fileRef = 508FDE7C21EA1FA50043D0E9 /* VAmigaTests.swift */; };
		508FDE8821EA1FA50043D0E9 /* vAmigaUITests.swift in Sources */ = {isa = PBXBuildFile; fileRef = 508FDE8721EA1FA50043D0E9 /* vAmigaUITests.swift */; };
		508FDF8721EA1FBC0043D0E9 /* MessageQueue.cpp in Sources */ = {isa = PBXBuildFile; fileRef = 508FDEF521EA1FBC0043D0E9 /* MessageQueue.cpp */; };
		508FDFAC21EA1FBC0043D0E9 /* TOD.cpp in Sources */ = {isa = PBXBuildFile; fileRef = 508FDF5921EA1FBC0043D0E9 /* TOD.cpp */; };
		508FDFAD21EA1FBC0043D0E9 /* CIA.cpp in Sources */ = {isa = PBXBuildFile; fileRef = 508FDF5C21EA1FBC0043D0E9 /* CIA.cpp */; };
		508FDFBE21EA1FF10043D0E9 /* MyDocument.xib in Resources */ = {isa = PBXBuildFile; fileRef = 508FDFAF21EA1FF10043D0E9 /* MyDocument.xib */; };
		508FDFBF21EA1FF10043D0E9 /* MainMenu.xib in Resources */ = {isa = PBXBuildFile; fileRef = 508FDFB121EA1FF10043D0E9 /* MainMenu.xib */; };
		508FDFC021EA1FF10043D0E9 /* SnapshotDialog.xib in Resources */ = {isa = PBXBuildFile; fileRef = 508FDFB321EA1FF10043D0E9 /* SnapshotDialog.xib */; };
		508FDFC121EA1FF10043D0E9 /* KeyViewItem.xib in Resources */ = {isa = PBXBuildFile; fileRef = 508FDFB421EA1FF10043D0E9 /* KeyViewItem.xib */; };
		508FDFC421EA1FF10043D0E9 /* ExportDiskDialog.xib in Resources */ = {isa = PBXBuildFile; fileRef = 508FDFB721EA1FF10043D0E9 /* ExportDiskDialog.xib */; };
		508FDFC521EA1FF10043D0E9 /* A500ISO.xib in Resources */ = {isa = PBXBuildFile; fileRef = 508FDFB821EA1FF10043D0E9 /* A500ISO.xib */; };
		508FDFC721EA1FF10043D0E9 /* DiskMountDialog.xib in Resources */ = {isa = PBXBuildFile; fileRef = 508FDFBA21EA1FF10043D0E9 /* DiskMountDialog.xib */; };
		508FDFC821EA1FF10043D0E9 /* Preferences.xib in Resources */ = {isa = PBXBuildFile; fileRef = 508FDFBB21EA1FF10043D0E9 /* Preferences.xib */; };
		508FDFC921EA1FF10043D0E9 /* ExportScreenshotDialog.xib in Resources */ = {isa = PBXBuildFile; fileRef = 508FDFBC21EA1FF10043D0E9 /* ExportScreenshotDialog.xib */; };
		508FDFD421EA20510043D0E9 /* MetalSetup.swift in Sources */ = {isa = PBXBuildFile; fileRef = 508FDFCC21EA20510043D0E9 /* MetalSetup.swift */; };
		508FDFD521EA20510043D0E9 /* Animation.swift in Sources */ = {isa = PBXBuildFile; fileRef = 508FDFCD21EA20510043D0E9 /* Animation.swift */; };
		508FDFD621EA20510043D0E9 /* DragAndDrop.swift in Sources */ = {isa = PBXBuildFile; fileRef = 508FDFCE21EA20510043D0E9 /* DragAndDrop.swift */; };
		508FDFD721EA20510043D0E9 /* MetalView.swift in Sources */ = {isa = PBXBuildFile; fileRef = 508FDFCF21EA20510043D0E9 /* MetalView.swift */; };
		508FDFD821EA20510043D0E9 /* Shaders.metal in Sources */ = {isa = PBXBuildFile; fileRef = 508FDFD021EA20510043D0E9 /* Shaders.metal */; };
		508FDFD921EA20510043D0E9 /* MetalViewEvents.swift in Sources */ = {isa = PBXBuildFile; fileRef = 508FDFD121EA20510043D0E9 /* MetalViewEvents.swift */; };
		508FDFDA21EA20510043D0E9 /* ImageUtilities.swift in Sources */ = {isa = PBXBuildFile; fileRef = 508FDFD221EA20510043D0E9 /* ImageUtilities.swift */; };
		508FDFDB21EA20510043D0E9 /* Shaders.swift in Sources */ = {isa = PBXBuildFile; fileRef = 508FDFD321EA20510043D0E9 /* Shaders.swift */; };
		508FDFE021EA214A0043D0E9 /* MetalKit.framework in Frameworks */ = {isa = PBXBuildFile; fileRef = 508FDFDE21EA214A0043D0E9 /* MetalKit.framework */; };
		508FDFE121EA214A0043D0E9 /* Metal.framework in Frameworks */ = {isa = PBXBuildFile; fileRef = 508FDFDF21EA214A0043D0E9 /* Metal.framework */; };
		508FDFE321EA21550043D0E9 /* Cocoa.framework in Frameworks */ = {isa = PBXBuildFile; fileRef = 508FDFE221EA21550043D0E9 /* Cocoa.framework */; };
		508FDFE521EA21630043D0E9 /* IOKit.framework in Frameworks */ = {isa = PBXBuildFile; fileRef = 508FDFE421EA21630043D0E9 /* IOKit.framework */; };
		508FDFE721EA21780043D0E9 /* CoreAudio.framework in Frameworks */ = {isa = PBXBuildFile; fileRef = 508FDFE621EA21780043D0E9 /* CoreAudio.framework */; };
		508FDFE921EA21C80043D0E9 /* AppKit.framework in Frameworks */ = {isa = PBXBuildFile; fileRef = 508FDFE821EA21C80043D0E9 /* AppKit.framework */; };
		508FE01021EA227B0043D0E9 /* Speedometer.swift in Sources */ = {isa = PBXBuildFile; fileRef = 508FDFEB21EA22780043D0E9 /* Speedometer.swift */; };
		508FE01121EA227B0043D0E9 /* MyControllerToolbar.swift in Sources */ = {isa = PBXBuildFile; fileRef = 508FDFED21EA22780043D0E9 /* MyControllerToolbar.swift */; };
		508FE01221EA227B0043D0E9 /* CIAPanel.swift in Sources */ = {isa = PBXBuildFile; fileRef = 508FDFEE21EA22780043D0E9 /* CIAPanel.swift */; };
		508FE01421EA227B0043D0E9 /* WaveformView.swift in Sources */ = {isa = PBXBuildFile; fileRef = 508FDFF021EA22780043D0E9 /* WaveformView.swift */; };
		508FE01521EA227B0043D0E9 /* GamePad.swift in Sources */ = {isa = PBXBuildFile; fileRef = 508FDFF121EA22780043D0E9 /* GamePad.swift */; };
		508FE01821EA227B0043D0E9 /* MyController.swift in Sources */ = {isa = PBXBuildFile; fileRef = 508FDFF421EA22790043D0E9 /* MyController.swift */; };
		508FE01921EA227B0043D0E9 /* MyControllerMenu.swift in Sources */ = {isa = PBXBuildFile; fileRef = 508FDFF521EA22790043D0E9 /* MyControllerMenu.swift */; };
		508FE01A21EA227B0043D0E9 /* Formatter.swift in Sources */ = {isa = PBXBuildFile; fileRef = 508FDFF621EA22790043D0E9 /* Formatter.swift */; };
		508FE01B21EA227B0043D0E9 /* MyDocument.swift in Sources */ = {isa = PBXBuildFile; fileRef = 508FDFF721EA22790043D0E9 /* MyDocument.swift */; };
		508FE01C21EA227B0043D0E9 /* MemTableView.swift in Sources */ = {isa = PBXBuildFile; fileRef = 508FDFF821EA22790043D0E9 /* MemTableView.swift */; };
		508FE01D21EA227B0043D0E9 /* UserDefaults.swift in Sources */ = {isa = PBXBuildFile; fileRef = 508FDFF921EA22790043D0E9 /* UserDefaults.swift */; };
		508FE02021EA227B0043D0E9 /* TimeTravelTouchBar.swift in Sources */ = {isa = PBXBuildFile; fileRef = 508FDFFD21EA22790043D0E9 /* TimeTravelTouchBar.swift */; };
		508FE02221EA227B0043D0E9 /* MacKey.swift in Sources */ = {isa = PBXBuildFile; fileRef = 508FDFFF21EA227A0043D0E9 /* MacKey.swift */; };
		508FE02321EA227B0043D0E9 /* KeyboardController.swift in Sources */ = {isa = PBXBuildFile; fileRef = 508FE00021EA227A0043D0E9 /* KeyboardController.swift */; };
		508FE02421EA227B0043D0E9 /* GamePadManager.swift in Sources */ = {isa = PBXBuildFile; fileRef = 508FE00121EA227A0043D0E9 /* GamePadManager.swift */; };
		508FE02521EA227B0043D0E9 /* MemoryPanel.swift in Sources */ = {isa = PBXBuildFile; fileRef = 508FE00221EA227A0043D0E9 /* MemoryPanel.swift */; };
		508FE02721EA227B0043D0E9 /* Basics.swift in Sources */ = {isa = PBXBuildFile; fileRef = 508FE00521EA227A0043D0E9 /* Basics.swift */; };
		508FE02921EA227B0043D0E9 /* MyControllerTouchBar.swift in Sources */ = {isa = PBXBuildFile; fileRef = 508FE00721EA227A0043D0E9 /* MyControllerTouchBar.swift */; };
		508FE02B21EA227B0043D0E9 /* WindowDelegate.swift in Sources */ = {isa = PBXBuildFile; fileRef = 508FE00921EA227B0043D0E9 /* WindowDelegate.swift */; };
		508FE02C21EA227B0043D0E9 /* C64Key.swift in Sources */ = {isa = PBXBuildFile; fileRef = 508FE00A21EA227B0043D0E9 /* C64Key.swift */; };
		508FE02D21EA227B0043D0E9 /* MyAppDelegate.swift in Sources */ = {isa = PBXBuildFile; fileRef = 508FE00C21EA227B0043D0E9 /* MyAppDelegate.swift */; };
		508FE02E21EA227B0043D0E9 /* Alerts.swift in Sources */ = {isa = PBXBuildFile; fileRef = 508FE00D21EA227B0043D0E9 /* Alerts.swift */; };
		508FE02F21EA227B0043D0E9 /* AudioEngine.swift in Sources */ = {isa = PBXBuildFile; fileRef = 508FE00E21EA227B0043D0E9 /* AudioEngine.swift */; };
		508FE03521EA22C30043D0E9 /* ScriptCommands.swift in Sources */ = {isa = PBXBuildFile; fileRef = 508FE03121EA22C30043D0E9 /* ScriptCommands.swift */; };
		508FE03821EA22C30043D0E9 /* Notifications.swift in Sources */ = {isa = PBXBuildFile; fileRef = 508FE03421EA22C30043D0E9 /* Notifications.swift */; };
		508FE04E21EA22CC0043D0E9 /* RomPrefs.swift in Sources */ = {isa = PBXBuildFile; fileRef = 508FE03B21EA22CC0043D0E9 /* RomPrefs.swift */; };
		508FE04F21EA22CC0043D0E9 /* EmulatorPrefs.swift in Sources */ = {isa = PBXBuildFile; fileRef = 508FE03C21EA22CC0043D0E9 /* EmulatorPrefs.swift */; };
		508FE05121EA22CC0043D0E9 /* HardwarePrefs.swift in Sources */ = {isa = PBXBuildFile; fileRef = 508FE03E21EA22CC0043D0E9 /* HardwarePrefs.swift */; };
		508FE05221EA22CC0043D0E9 /* RomDropView.swift in Sources */ = {isa = PBXBuildFile; fileRef = 508FE03F21EA22CC0043D0E9 /* RomDropView.swift */; };
		508FE05321EA22CC0043D0E9 /* VideoPrefs.swift in Sources */ = {isa = PBXBuildFile; fileRef = 508FE04021EA22CC0043D0E9 /* VideoPrefs.swift */; };
		508FE05421EA22CC0043D0E9 /* DevicesPrefs.swift in Sources */ = {isa = PBXBuildFile; fileRef = 508FE04121EA22CC0043D0E9 /* DevicesPrefs.swift */; };
		508FE05521EA22CC0043D0E9 /* PreferencesWindow.swift in Sources */ = {isa = PBXBuildFile; fileRef = 508FE04221EA22CC0043D0E9 /* PreferencesWindow.swift */; };
		508FE05621EA22CC0043D0E9 /* PreferencesController.swift in Sources */ = {isa = PBXBuildFile; fileRef = 508FE04321EA22CC0043D0E9 /* PreferencesController.swift */; };
		508FE05821EA22CC0043D0E9 /* SnapshotController.swift in Sources */ = {isa = PBXBuildFile; fileRef = 508FE04521EA22CC0043D0E9 /* SnapshotController.swift */; };
		508FE05921EA22CC0043D0E9 /* VirtualKeyboardController.swift in Sources */ = {isa = PBXBuildFile; fileRef = 508FE04621EA22CC0043D0E9 /* VirtualKeyboardController.swift */; };
		508FE05A21EA22CC0043D0E9 /* DialogController.swift in Sources */ = {isa = PBXBuildFile; fileRef = 508FE04721EA22CC0043D0E9 /* DialogController.swift */; };
		508FE05C21EA22CC0043D0E9 /* DiskMountController.swift in Sources */ = {isa = PBXBuildFile; fileRef = 508FE04A21EA22CC0043D0E9 /* DiskMountController.swift */; };
		508FE05F21EA22CC0043D0E9 /* ExportDiskController.swift in Sources */ = {isa = PBXBuildFile; fileRef = 508FE04D21EA22CC0043D0E9 /* ExportDiskController.swift */; };
		508FE06521EA318D0043D0E9 /* AmigaFile.cpp in Sources */ = {isa = PBXBuildFile; fileRef = 508FE06321EA318D0043D0E9 /* AmigaFile.cpp */; };
		50950ED822881B7A0073F755 /* ZorroManager.cpp in Sources */ = {isa = PBXBuildFile; fileRef = 50950ED622881B7A0073F755 /* ZorroManager.cpp */; };
		509CF4CD22083F9800C500F0 /* CPUPanel.swift in Sources */ = {isa = PBXBuildFile; fileRef = 509CF4CC22083F9800C500F0 /* CPUPanel.swift */; };
		509CF4CF220847C600C500F0 /* InstrTableView.swift in Sources */ = {isa = PBXBuildFile; fileRef = 509CF4CE220847C600C500F0 /* InstrTableView.swift */; };
		509CF4D12208487900C500F0 /* TraceTableView.swift in Sources */ = {isa = PBXBuildFile; fileRef = 509CF4D02208487900C500F0 /* TraceTableView.swift */; };
		509F7F1A21EDDF4F00A530E4 /* BootRom.cpp in Sources */ = {isa = PBXBuildFile; fileRef = 509F7F1821EDDF4F00A530E4 /* BootRom.cpp */; };
		509F7F1D21EDEA0200A530E4 /* KickRom.cpp in Sources */ = {isa = PBXBuildFile; fileRef = 509F7F1B21EDEA0200A530E4 /* KickRom.cpp */; };
		50A2953F21FF12EF0046BAA0 /* ControlPort.cpp in Sources */ = {isa = PBXBuildFile; fileRef = 50A2953D21FF12EF0046BAA0 /* ControlPort.cpp */; };
		50B0AF93222531C500EE3689 /* CopperTableView.swift in Sources */ = {isa = PBXBuildFile; fileRef = 50B0AF92222531C500EE3689 /* CopperTableView.swift */; };
		50B0DD1E220B5CEF00D6618A /* BreakpointManager.cpp in Sources */ = {isa = PBXBuildFile; fileRef = 50B0DD1C220B5CEF00D6618A /* BreakpointManager.cpp */; };
		50B14C0721EB218E002E32A6 /* AmigaObject.cpp in Sources */ = {isa = PBXBuildFile; fileRef = 50B14C0521EB218E002E32A6 /* AmigaObject.cpp */; };
		50B14C0D21EB3708002E32A6 /* HardwareComponent.cpp in Sources */ = {isa = PBXBuildFile; fileRef = 50B14C0B21EB3708002E32A6 /* HardwareComponent.cpp */; };
		50B14C1021EB410B002E32A6 /* Amiga.cpp in Sources */ = {isa = PBXBuildFile; fileRef = 50B14C0E21EB410B002E32A6 /* Amiga.cpp */; };
		50B14C1221EB4314002E32A6 /* va_std.cpp in Sources */ = {isa = PBXBuildFile; fileRef = 50B14C1121EB4314002E32A6 /* va_std.cpp */; };
		50B14C1C21EB8445002E32A6 /* 1541_door_closed_2.aiff in Resources */ = {isa = PBXBuildFile; fileRef = 50B14C1421EB8445002E32A6 /* 1541_door_closed_2.aiff */; };
		50B14C1D21EB8445002E32A6 /* 1541_power_on_0.aiff in Resources */ = {isa = PBXBuildFile; fileRef = 50B14C1521EB8445002E32A6 /* 1541_power_on_0.aiff */; };
		50B14C1E21EB8445002E32A6 /* 1541_track_change_2.aiff in Resources */ = {isa = PBXBuildFile; fileRef = 50B14C1621EB8445002E32A6 /* 1541_track_change_2.aiff */; };
		50B14C1F21EB8445002E32A6 /* drive_click.aiff in Resources */ = {isa = PBXBuildFile; fileRef = 50B14C1721EB8445002E32A6 /* drive_click.aiff */; };
		50B14C2021EB8445002E32A6 /* 1541_track_change_0.aiff in Resources */ = {isa = PBXBuildFile; fileRef = 50B14C1821EB8445002E32A6 /* 1541_track_change_0.aiff */; };
		50B14C2121EB8445002E32A6 /* 1541_track_change_1.aiff in Resources */ = {isa = PBXBuildFile; fileRef = 50B14C1921EB8445002E32A6 /* 1541_track_change_1.aiff */; };
		50B14C2221EB8445002E32A6 /* drive_snatch_uae.aiff in Resources */ = {isa = PBXBuildFile; fileRef = 50B14C1A21EB8445002E32A6 /* drive_snatch_uae.aiff */; };
		50B14C2321EB8445002E32A6 /* 1541_door_open_1.aiff in Resources */ = {isa = PBXBuildFile; fileRef = 50B14C1B21EB8445002E32A6 /* 1541_door_open_1.aiff */; };
		50B14C2621EB905A002E32A6 /* Credits.rtf in Resources */ = {isa = PBXBuildFile; fileRef = 50B14C2521EB9059002E32A6 /* Credits.rtf */; };
		50B14C2821EB97EC002E32A6 /* AmigaProxy.mm in Sources */ = {isa = PBXBuildFile; fileRef = 50B14C2721EB97EC002E32A6 /* AmigaProxy.mm */; };
		50BBE08B21F5EB9B0099BBBB /* A1000ANSI.xib in Resources */ = {isa = PBXBuildFile; fileRef = 50BBE08A21F5EB9B0099BBBB /* A1000ANSI.xib */; };
		50C2DE4421F756900043FD1B /* MyControllerStatusBar.swift in Sources */ = {isa = PBXBuildFile; fileRef = 50C2DE4321F756900043FD1B /* MyControllerStatusBar.swift */; };
		50C50B86220479E000D796DA /* BankTableView.swift in Sources */ = {isa = PBXBuildFile; fileRef = 50C50B85220479E000D796DA /* BankTableView.swift */; };
		50D263CC21F6377700FA167F /* A500ANSI.xib in Resources */ = {isa = PBXBuildFile; fileRef = 50D263CB21F6377600FA167F /* A500ANSI.xib */; };
		50D263CE21F6378100FA167F /* A1000ISO.xib in Resources */ = {isa = PBXBuildFile; fileRef = 50D263CD21F6378000FA167F /* A1000ISO.xib */; };
		50D2ADBA2207547500E32AB0 /* m68kcpu.c in Sources */ = {isa = PBXBuildFile; fileRef = 50D2ADB12207547300E32AB0 /* m68kcpu.c */; };
		50D2ADBC2207547500E32AB0 /* history.txt in Resources */ = {isa = PBXBuildFile; fileRef = 50D2ADB32207547400E32AB0 /* history.txt */; };
		50D2ADBD2207547500E32AB0 /* m68kdasm.c in Sources */ = {isa = PBXBuildFile; fileRef = 50D2ADB42207547400E32AB0 /* m68kdasm.c */; };
		50D2ADBE2207547500E32AB0 /* readme.txt in Resources */ = {isa = PBXBuildFile; fileRef = 50D2ADB62207547400E32AB0 /* readme.txt */; };
		50D2ADC6220754A100E32AB0 /* m68kopnz.c in Sources */ = {isa = PBXBuildFile; fileRef = 50D2ADC0220754A000E32AB0 /* m68kopnz.c */; };
		50D2ADC7220754A100E32AB0 /* m68kopdm.c in Sources */ = {isa = PBXBuildFile; fileRef = 50D2ADC1220754A000E32AB0 /* m68kopdm.c */; };
		50D2ADC9220754A100E32AB0 /* m68kopac.c in Sources */ = {isa = PBXBuildFile; fileRef = 50D2ADC3220754A000E32AB0 /* m68kopac.c */; };
		50D2ADCA220754A100E32AB0 /* m68kops.c in Sources */ = {isa = PBXBuildFile; fileRef = 50D2ADC4220754A000E32AB0 /* m68kops.c */; };
		50D375DF222C7C6B0040987C /* Blitter.cpp in Sources */ = {isa = PBXBuildFile; fileRef = 50D375DD222C7C6B0040987C /* Blitter.cpp */; };
		50D7CDC42286E968002689F0 /* Joystick.cpp in Sources */ = {isa = PBXBuildFile; fileRef = 50D7CDC22286E968002689F0 /* Joystick.cpp */; };
		50DED6AF2202EBA200B8195F /* Inspector.xib in Resources */ = {isa = PBXBuildFile; fileRef = 50DED6AE2202EBA200B8195F /* Inspector.xib */; };
		50DED6B12202EC3100B8195F /* Inspector.swift in Sources */ = {isa = PBXBuildFile; fileRef = 50DED6B02202EC3100B8195F /* Inspector.swift */; };
		50DF2CA02269135800795256 /* SpriteTableView.swift in Sources */ = {isa = PBXBuildFile; fileRef = 50DF2C9F2269135800795256 /* SpriteTableView.swift */; };
		50E1E5D22242B9DA008EF4B0 /* FastBlitter.cpp in Sources */ = {isa = PBXBuildFile; fileRef = 50E1E5D12242B9DA008EF4B0 /* FastBlitter.cpp */; };
		50EE994021FF4D8E003BD74B /* AudioUnit.cpp in Sources */ = {isa = PBXBuildFile; fileRef = 50EE993E21FF4D8E003BD74B /* AudioUnit.cpp */; };
		50F5A84E2214112F00AD5611 /* PaulaPanel.swift in Sources */ = {isa = PBXBuildFile; fileRef = 50F5A84D2214112F00AD5611 /* PaulaPanel.swift */; };
		50F5F27221F1B6DF000627D1 /* AmigaKey.swift in Sources */ = {isa = PBXBuildFile; fileRef = 50F5F27121F1B6DF000627D1 /* AmigaKey.swift */; };
		50F6EEB821F4F5C60091155D /* Disk.cpp in Sources */ = {isa = PBXBuildFile; fileRef = 50F6EEB621F4F5C60091155D /* Disk.cpp */; };
		50F6EEBE21F4F61F0091155D /* Drive.cpp in Sources */ = {isa = PBXBuildFile; fileRef = 50F6EEBC21F4F61F0091155D /* Drive.cpp */; };
/* End PBXBuildFile section */

/* Begin PBXContainerItemProxy section */
		508FDE7921EA1FA50043D0E9 /* PBXContainerItemProxy */ = {
			isa = PBXContainerItemProxy;
			containerPortal = 508FDE5C21EA1FA40043D0E9 /* Project object */;
			proxyType = 1;
			remoteGlobalIDString = 508FDE6321EA1FA40043D0E9;
			remoteInfo = vAmiga;
		};
		508FDE8421EA1FA50043D0E9 /* PBXContainerItemProxy */ = {
			isa = PBXContainerItemProxy;
			containerPortal = 508FDE5C21EA1FA40043D0E9 /* Project object */;
			proxyType = 1;
			remoteGlobalIDString = 508FDE6321EA1FA40043D0E9;
			remoteInfo = vAmiga;
		};
/* End PBXContainerItemProxy section */

/* Begin PBXFileReference section */
		500770C1227C9FF3003A5F76 /* DriveTypes.h */ = {isa = PBXFileReference; lastKnownFileType = sourcecode.c.h; path = DriveTypes.h; sourceTree = "<group>"; };
		500C0A542259402D000121CD /* DiskController.cpp */ = {isa = PBXFileReference; lastKnownFileType = sourcecode.cpp.cpp; path = DiskController.cpp; sourceTree = "<group>"; };
		500C0A552259402D000121CD /* DiskController.h */ = {isa = PBXFileReference; lastKnownFileType = sourcecode.c.h; path = DiskController.h; sourceTree = "<group>"; };
		5014DD1321F3625200BC14BA /* Keyboard.cpp */ = {isa = PBXFileReference; lastKnownFileType = sourcecode.cpp.cpp; path = Keyboard.cpp; sourceTree = "<group>"; };
		5014DD1421F3625200BC14BA /* Keyboard.h */ = {isa = PBXFileReference; lastKnownFileType = sourcecode.c.h; path = Keyboard.h; sourceTree = "<group>"; };
		501B821B2262FFB200042871 /* RTC.cpp */ = {isa = PBXFileReference; lastKnownFileType = sourcecode.cpp.cpp; path = RTC.cpp; sourceTree = "<group>"; };
		501B821C2262FFB200042871 /* RTC.h */ = {isa = PBXFileReference; lastKnownFileType = sourcecode.c.h; path = RTC.h; sourceTree = "<group>"; };
		501E715022671FC20070B17D /* DeniseTypes.h */ = {isa = PBXFileReference; lastKnownFileType = sourcecode.c.h; path = DeniseTypes.h; sourceTree = "<group>"; };
		501E715122677BFF0070B17D /* EventHandlerTypes.h */ = {isa = PBXFileReference; lastKnownFileType = sourcecode.c.h; path = EventHandlerTypes.h; sourceTree = "<group>"; };
		5020B17B21EF121E00B9E80E /* Agnus.cpp */ = {isa = PBXFileReference; lastKnownFileType = sourcecode.cpp.cpp; path = Agnus.cpp; sourceTree = "<group>"; };
		5020B17C21EF121E00B9E80E /* Agnus.h */ = {isa = PBXFileReference; lastKnownFileType = sourcecode.c.h; path = Agnus.h; sourceTree = "<group>"; };
		5020B17E21EF136100B9E80E /* Denise.cpp */ = {isa = PBXFileReference; lastKnownFileType = sourcecode.cpp.cpp; path = Denise.cpp; sourceTree = "<group>"; };
		5020B17F21EF136100B9E80E /* Denise.h */ = {isa = PBXFileReference; lastKnownFileType = sourcecode.c.h; path = Denise.h; sourceTree = "<group>"; };
		502EFD092248EC0200F0E118 /* EventPanel.swift */ = {isa = PBXFileReference; lastKnownFileType = sourcecode.swift; path = EventPanel.swift; sourceTree = "<group>"; };
		502EFD0B2248ECAA00F0E118 /* EventTableView.swift */ = {isa = PBXFileReference; lastKnownFileType = sourcecode.swift; path = EventTableView.swift; sourceTree = "<group>"; };
		502F7DCD2221706000AEEC65 /* Copper.cpp */ = {isa = PBXFileReference; lastKnownFileType = sourcecode.cpp.cpp; path = Copper.cpp; sourceTree = "<group>"; };
		502F7DD1222172CA00AEEC65 /* Copper.h */ = {isa = PBXFileReference; lastKnownFileType = sourcecode.c.h; path = Copper.h; sourceTree = "<group>"; };
		502F7DD22221E52200AEEC65 /* Colorizer.cpp */ = {isa = PBXFileReference; lastKnownFileType = sourcecode.cpp.cpp; path = Colorizer.cpp; sourceTree = "<group>"; };
		502F7DD32221E52200AEEC65 /* Colorizer.h */ = {isa = PBXFileReference; lastKnownFileType = sourcecode.c.h; path = Colorizer.h; sourceTree = "<group>"; };
		5030890F21EFA74600FEAD12 /* Paula.cpp */ = {isa = PBXFileReference; lastKnownFileType = sourcecode.cpp.cpp; path = Paula.cpp; sourceTree = "<group>"; };
		5030891021EFA74600FEAD12 /* Paula.h */ = {isa = PBXFileReference; lastKnownFileType = sourcecode.c.h; path = Paula.h; sourceTree = "<group>"; };
		50384C8421FC6B66006E7748 /* AmigaSnapshot.cpp */ = {isa = PBXFileReference; lastKnownFileType = sourcecode.cpp.cpp; path = AmigaSnapshot.cpp; sourceTree = "<group>"; };
		50384C8521FC6B66006E7748 /* AmigaSnapshot.h */ = {isa = PBXFileReference; lastKnownFileType = sourcecode.c.h; path = AmigaSnapshot.h; sourceTree = "<group>"; };
		5043F6C4221972F90047CC30 /* MyToolbar.swift */ = {isa = PBXFileReference; lastKnownFileType = sourcecode.swift; path = MyToolbar.swift; sourceTree = "<group>"; };
		504F9654220ACFE0005F8AB7 /* Breakpoint.cpp */ = {isa = PBXFileReference; lastKnownFileType = sourcecode.cpp.cpp; path = Breakpoint.cpp; sourceTree = "<group>"; };
		504F9655220ACFE0005F8AB7 /* Breakpoint.h */ = {isa = PBXFileReference; lastKnownFileType = sourcecode.c.h; path = Breakpoint.h; sourceTree = "<group>"; };
		504F9657220B2CEE005F8AB7 /* BreakTableView.swift */ = {isa = PBXFileReference; lastKnownFileType = sourcecode.swift; path = BreakTableView.swift; sourceTree = "<group>"; };
		505554AA2264C47600CB07E0 /* Mouse.cpp */ = {isa = PBXFileReference; lastKnownFileType = sourcecode.cpp.cpp; path = Mouse.cpp; sourceTree = "<group>"; };
		505554AB2264C47600CB07E0 /* Mouse.h */ = {isa = PBXFileReference; lastKnownFileType = sourcecode.c.h; path = Mouse.h; sourceTree = "<group>"; };
		505A214E22869FF10016EA21 /* AudioFilter.cpp */ = {isa = PBXFileReference; lastKnownFileType = sourcecode.cpp.cpp; path = AudioFilter.cpp; sourceTree = "<group>"; };
		505A214F22869FF10016EA21 /* AudioFilter.h */ = {isa = PBXFileReference; lastKnownFileType = sourcecode.c.h; path = AudioFilter.h; sourceTree = "<group>"; };
		505A3A3821F4996400132020 /* sse_utils.cpp */ = {isa = PBXFileReference; lastKnownFileType = sourcecode.cpp.cpp; path = sse_utils.cpp; sourceTree = "<group>"; };
		505A3A3921F4996400132020 /* sse_utils.h */ = {isa = PBXFileReference; lastKnownFileType = sourcecode.c.h; path = sse_utils.h; sourceTree = "<group>"; };
		505AD259224A67CD0052A014 /* en */ = {isa = PBXFileReference; lastKnownFileType = file.xib; name = en; path = en.lproj/MainMenu.xib; sourceTree = "<group>"; };
		505AD25A224A67CE0052A014 /* en */ = {isa = PBXFileReference; lastKnownFileType = file.xib; name = en; path = en.lproj/MyDocument.xib; sourceTree = "<group>"; };
		5064850F21EC7A1700FC4AC3 /* Memory.cpp */ = {isa = PBXFileReference; lastKnownFileType = sourcecode.cpp.cpp; path = Memory.cpp; sourceTree = "<group>"; };
		5064851021EC7A1700FC4AC3 /* Memory.h */ = {isa = PBXFileReference; lastKnownFileType = sourcecode.c.h; path = Memory.h; sourceTree = "<group>"; };
		507653CA2216F91E001D26E9 /* AgnusPanel.swift */ = {isa = PBXFileReference; lastKnownFileType = sourcecode.swift; path = AgnusPanel.swift; sourceTree = "<group>"; };
		507653CC2216F938001D26E9 /* DenisePanel.swift */ = {isa = PBXFileReference; lastKnownFileType = sourcecode.swift; path = DenisePanel.swift; sourceTree = "<group>"; };
		507FD925221CBFCD00B34DA7 /* CopperPanel.swift */ = {isa = PBXFileReference; lastKnownFileType = sourcecode.swift; path = CopperPanel.swift; sourceTree = "<group>"; };
		5082D83A21EF891200CF7692 /* va_constants.h */ = {isa = PBXFileReference; lastKnownFileType = sourcecode.c.h; path = va_constants.h; sourceTree = "<group>"; };
		5085FE5521FB3BAE009753EF /* EventHandler.cpp */ = {isa = PBXFileReference; lastKnownFileType = sourcecode.cpp.cpp; path = EventHandler.cpp; sourceTree = "<group>"; };
		5085FE5621FB3BAE009753EF /* EventHandler.h */ = {isa = PBXFileReference; lastKnownFileType = sourcecode.c.h; path = EventHandler.h; sourceTree = "<group>"; };
		5085FE5821FB6856009753EF /* ProxyExtensions.swift */ = {isa = PBXFileReference; lastKnownFileType = sourcecode.swift; path = ProxyExtensions.swift; sourceTree = "<group>"; };
		508833EC21F0D21B009890EA /* ADFFile.cpp */ = {isa = PBXFileReference; lastKnownFileType = sourcecode.cpp.cpp; path = ADFFile.cpp; sourceTree = "<group>"; };
		508833ED21F0D21B009890EA /* ADFFile.h */ = {isa = PBXFileReference; lastKnownFileType = sourcecode.c.h; path = ADFFile.h; sourceTree = "<group>"; };
		508E7F932206CDBD00F7D88C /* CPU.cpp */ = {isa = PBXFileReference; lastKnownFileType = sourcecode.cpp.cpp; path = CPU.cpp; sourceTree = "<group>"; };
		508E7F942206CDBD00F7D88C /* CPU.h */ = {isa = PBXFileReference; lastKnownFileType = sourcecode.c.h; path = CPU.h; sourceTree = "<group>"; };
		508FDE6421EA1FA40043D0E9 /* vAmiga.app */ = {isa = PBXFileReference; explicitFileType = wrapper.application; includeInIndex = 0; path = vAmiga.app; sourceTree = BUILT_PRODUCTS_DIR; };
		508FDE6D21EA1FA50043D0E9 /* Assets.xcassets */ = {isa = PBXFileReference; lastKnownFileType = folder.assetcatalog; path = Assets.xcassets; sourceTree = "<group>"; };
		508FDE7221EA1FA50043D0E9 /* Info.plist */ = {isa = PBXFileReference; lastKnownFileType = text.plist.xml; path = Info.plist; sourceTree = "<group>"; };
		508FDE7321EA1FA50043D0E9 /* vAmiga.entitlements */ = {isa = PBXFileReference; lastKnownFileType = text.plist.entitlements; path = vAmiga.entitlements; sourceTree = "<group>"; };
		508FDE7821EA1FA50043D0E9 /* vAmigaTests.xctest */ = {isa = PBXFileReference; explicitFileType = wrapper.cfbundle; includeInIndex = 0; path = vAmigaTests.xctest; sourceTree = BUILT_PRODUCTS_DIR; };
		508FDE7C21EA1FA50043D0E9 /* VAmigaTests.swift */ = {isa = PBXFileReference; lastKnownFileType = sourcecode.swift; path = VAmigaTests.swift; sourceTree = "<group>"; };
		508FDE7E21EA1FA50043D0E9 /* Info.plist */ = {isa = PBXFileReference; lastKnownFileType = text.plist.xml; path = Info.plist; sourceTree = "<group>"; };
		508FDE8321EA1FA50043D0E9 /* vAmigaUITests.xctest */ = {isa = PBXFileReference; explicitFileType = wrapper.cfbundle; includeInIndex = 0; path = vAmigaUITests.xctest; sourceTree = BUILT_PRODUCTS_DIR; };
		508FDE8721EA1FA50043D0E9 /* vAmigaUITests.swift */ = {isa = PBXFileReference; lastKnownFileType = sourcecode.swift; path = vAmigaUITests.swift; sourceTree = "<group>"; };
		508FDE8921EA1FA50043D0E9 /* Info.plist */ = {isa = PBXFileReference; lastKnownFileType = text.plist.xml; path = Info.plist; sourceTree = "<group>"; };
		508FDEF521EA1FBC0043D0E9 /* MessageQueue.cpp */ = {isa = PBXFileReference; fileEncoding = 4; lastKnownFileType = sourcecode.cpp.cpp; path = MessageQueue.cpp; sourceTree = "<group>"; };
		508FDEF821EA1FBC0043D0E9 /* MessageQueue.h */ = {isa = PBXFileReference; fileEncoding = 4; lastKnownFileType = sourcecode.c.h; path = MessageQueue.h; sourceTree = "<group>"; };
		508FDF5721EA1FBC0043D0E9 /* CIA.h */ = {isa = PBXFileReference; fileEncoding = 4; lastKnownFileType = sourcecode.c.h; path = CIA.h; sourceTree = "<group>"; };
		508FDF5821EA1FBC0043D0E9 /* TOD.h */ = {isa = PBXFileReference; fileEncoding = 4; lastKnownFileType = sourcecode.c.h; path = TOD.h; sourceTree = "<group>"; };
		508FDF5921EA1FBC0043D0E9 /* TOD.cpp */ = {isa = PBXFileReference; fileEncoding = 4; lastKnownFileType = sourcecode.cpp.cpp; path = TOD.cpp; sourceTree = "<group>"; };
		508FDF5C21EA1FBC0043D0E9 /* CIA.cpp */ = {isa = PBXFileReference; fileEncoding = 4; lastKnownFileType = sourcecode.cpp.cpp; path = CIA.cpp; sourceTree = "<group>"; };
		508FDFB321EA1FF10043D0E9 /* SnapshotDialog.xib */ = {isa = PBXFileReference; fileEncoding = 4; lastKnownFileType = file.xib; path = SnapshotDialog.xib; sourceTree = "<group>"; };
		508FDFB421EA1FF10043D0E9 /* KeyViewItem.xib */ = {isa = PBXFileReference; fileEncoding = 4; lastKnownFileType = file.xib; path = KeyViewItem.xib; sourceTree = "<group>"; };
		508FDFB721EA1FF10043D0E9 /* ExportDiskDialog.xib */ = {isa = PBXFileReference; fileEncoding = 4; lastKnownFileType = file.xib; path = ExportDiskDialog.xib; sourceTree = "<group>"; };
		508FDFB821EA1FF10043D0E9 /* A500ISO.xib */ = {isa = PBXFileReference; fileEncoding = 4; lastKnownFileType = file.xib; path = A500ISO.xib; sourceTree = "<group>"; };
		508FDFBA21EA1FF10043D0E9 /* DiskMountDialog.xib */ = {isa = PBXFileReference; fileEncoding = 4; lastKnownFileType = file.xib; path = DiskMountDialog.xib; sourceTree = "<group>"; };
		508FDFBB21EA1FF10043D0E9 /* Preferences.xib */ = {isa = PBXFileReference; fileEncoding = 4; lastKnownFileType = file.xib; path = Preferences.xib; sourceTree = "<group>"; };
		508FDFBC21EA1FF10043D0E9 /* ExportScreenshotDialog.xib */ = {isa = PBXFileReference; fileEncoding = 4; lastKnownFileType = file.xib; path = ExportScreenshotDialog.xib; sourceTree = "<group>"; };
		508FDFCC21EA20510043D0E9 /* MetalSetup.swift */ = {isa = PBXFileReference; fileEncoding = 4; lastKnownFileType = sourcecode.swift; path = MetalSetup.swift; sourceTree = "<group>"; };
		508FDFCD21EA20510043D0E9 /* Animation.swift */ = {isa = PBXFileReference; fileEncoding = 4; lastKnownFileType = sourcecode.swift; path = Animation.swift; sourceTree = "<group>"; };
		508FDFCE21EA20510043D0E9 /* DragAndDrop.swift */ = {isa = PBXFileReference; fileEncoding = 4; lastKnownFileType = sourcecode.swift; path = DragAndDrop.swift; sourceTree = "<group>"; };
		508FDFCF21EA20510043D0E9 /* MetalView.swift */ = {isa = PBXFileReference; fileEncoding = 4; lastKnownFileType = sourcecode.swift; path = MetalView.swift; sourceTree = "<group>"; };
		508FDFD021EA20510043D0E9 /* Shaders.metal */ = {isa = PBXFileReference; fileEncoding = 4; lastKnownFileType = sourcecode.metal; path = Shaders.metal; sourceTree = "<group>"; };
		508FDFD121EA20510043D0E9 /* MetalViewEvents.swift */ = {isa = PBXFileReference; fileEncoding = 4; lastKnownFileType = sourcecode.swift; path = MetalViewEvents.swift; sourceTree = "<group>"; };
		508FDFD221EA20510043D0E9 /* ImageUtilities.swift */ = {isa = PBXFileReference; fileEncoding = 4; lastKnownFileType = sourcecode.swift; path = ImageUtilities.swift; sourceTree = "<group>"; };
		508FDFD321EA20510043D0E9 /* Shaders.swift */ = {isa = PBXFileReference; fileEncoding = 4; lastKnownFileType = sourcecode.swift; path = Shaders.swift; sourceTree = "<group>"; };
		508FDFDE21EA214A0043D0E9 /* MetalKit.framework */ = {isa = PBXFileReference; lastKnownFileType = wrapper.framework; name = MetalKit.framework; path = System/Library/Frameworks/MetalKit.framework; sourceTree = SDKROOT; };
		508FDFDF21EA214A0043D0E9 /* Metal.framework */ = {isa = PBXFileReference; lastKnownFileType = wrapper.framework; name = Metal.framework; path = System/Library/Frameworks/Metal.framework; sourceTree = SDKROOT; };
		508FDFE221EA21550043D0E9 /* Cocoa.framework */ = {isa = PBXFileReference; lastKnownFileType = wrapper.framework; name = Cocoa.framework; path = System/Library/Frameworks/Cocoa.framework; sourceTree = SDKROOT; };
		508FDFE421EA21630043D0E9 /* IOKit.framework */ = {isa = PBXFileReference; lastKnownFileType = wrapper.framework; name = IOKit.framework; path = System/Library/Frameworks/IOKit.framework; sourceTree = SDKROOT; };
		508FDFE621EA21780043D0E9 /* CoreAudio.framework */ = {isa = PBXFileReference; lastKnownFileType = wrapper.framework; name = CoreAudio.framework; path = System/Library/Frameworks/CoreAudio.framework; sourceTree = SDKROOT; };
		508FDFE821EA21C80043D0E9 /* AppKit.framework */ = {isa = PBXFileReference; lastKnownFileType = wrapper.framework; name = AppKit.framework; path = System/Library/Frameworks/AppKit.framework; sourceTree = SDKROOT; };
		508FDFEB21EA22780043D0E9 /* Speedometer.swift */ = {isa = PBXFileReference; fileEncoding = 4; lastKnownFileType = sourcecode.swift; path = Speedometer.swift; sourceTree = "<group>"; };
		508FDFED21EA22780043D0E9 /* MyControllerToolbar.swift */ = {isa = PBXFileReference; fileEncoding = 4; lastKnownFileType = sourcecode.swift; path = MyControllerToolbar.swift; sourceTree = "<group>"; };
		508FDFEE21EA22780043D0E9 /* CIAPanel.swift */ = {isa = PBXFileReference; fileEncoding = 4; lastKnownFileType = sourcecode.swift; path = CIAPanel.swift; sourceTree = "<group>"; };
		508FDFF021EA22780043D0E9 /* WaveformView.swift */ = {isa = PBXFileReference; fileEncoding = 4; lastKnownFileType = sourcecode.swift; path = WaveformView.swift; sourceTree = "<group>"; };
		508FDFF121EA22780043D0E9 /* GamePad.swift */ = {isa = PBXFileReference; fileEncoding = 4; lastKnownFileType = sourcecode.swift; path = GamePad.swift; sourceTree = "<group>"; };
		508FDFF421EA22790043D0E9 /* MyController.swift */ = {isa = PBXFileReference; fileEncoding = 4; lastKnownFileType = sourcecode.swift; path = MyController.swift; sourceTree = "<group>"; };
		508FDFF521EA22790043D0E9 /* MyControllerMenu.swift */ = {isa = PBXFileReference; fileEncoding = 4; lastKnownFileType = sourcecode.swift; path = MyControllerMenu.swift; sourceTree = "<group>"; };
		508FDFF621EA22790043D0E9 /* Formatter.swift */ = {isa = PBXFileReference; fileEncoding = 4; lastKnownFileType = sourcecode.swift; path = Formatter.swift; sourceTree = "<group>"; };
		508FDFF721EA22790043D0E9 /* MyDocument.swift */ = {isa = PBXFileReference; fileEncoding = 4; lastKnownFileType = sourcecode.swift; path = MyDocument.swift; sourceTree = "<group>"; };
		508FDFF821EA22790043D0E9 /* MemTableView.swift */ = {isa = PBXFileReference; fileEncoding = 4; lastKnownFileType = sourcecode.swift; path = MemTableView.swift; sourceTree = "<group>"; };
		508FDFF921EA22790043D0E9 /* UserDefaults.swift */ = {isa = PBXFileReference; fileEncoding = 4; lastKnownFileType = sourcecode.swift; path = UserDefaults.swift; sourceTree = "<group>"; };
		508FDFFA21EA22790043D0E9 /* VirtualC64-Bridging-Header.h */ = {isa = PBXFileReference; fileEncoding = 4; lastKnownFileType = sourcecode.c.h; path = "VirtualC64-Bridging-Header.h"; sourceTree = "<group>"; };
		508FDFFD21EA22790043D0E9 /* TimeTravelTouchBar.swift */ = {isa = PBXFileReference; fileEncoding = 4; lastKnownFileType = sourcecode.swift; path = TimeTravelTouchBar.swift; sourceTree = "<group>"; };
		508FDFFF21EA227A0043D0E9 /* MacKey.swift */ = {isa = PBXFileReference; fileEncoding = 4; lastKnownFileType = sourcecode.swift; path = MacKey.swift; sourceTree = "<group>"; };
		508FE00021EA227A0043D0E9 /* KeyboardController.swift */ = {isa = PBXFileReference; fileEncoding = 4; lastKnownFileType = sourcecode.swift; path = KeyboardController.swift; sourceTree = "<group>"; };
		508FE00121EA227A0043D0E9 /* GamePadManager.swift */ = {isa = PBXFileReference; fileEncoding = 4; lastKnownFileType = sourcecode.swift; path = GamePadManager.swift; sourceTree = "<group>"; };
		508FE00221EA227A0043D0E9 /* MemoryPanel.swift */ = {isa = PBXFileReference; fileEncoding = 4; lastKnownFileType = sourcecode.swift; path = MemoryPanel.swift; sourceTree = "<group>"; };
		508FE00521EA227A0043D0E9 /* Basics.swift */ = {isa = PBXFileReference; fileEncoding = 4; lastKnownFileType = sourcecode.swift; path = Basics.swift; sourceTree = "<group>"; };
		508FE00721EA227A0043D0E9 /* MyControllerTouchBar.swift */ = {isa = PBXFileReference; fileEncoding = 4; lastKnownFileType = sourcecode.swift; path = MyControllerTouchBar.swift; sourceTree = "<group>"; };
		508FE00921EA227B0043D0E9 /* WindowDelegate.swift */ = {isa = PBXFileReference; fileEncoding = 4; lastKnownFileType = sourcecode.swift; path = WindowDelegate.swift; sourceTree = "<group>"; };
		508FE00A21EA227B0043D0E9 /* C64Key.swift */ = {isa = PBXFileReference; fileEncoding = 4; lastKnownFileType = sourcecode.swift; path = C64Key.swift; sourceTree = "<group>"; };
		508FE00C21EA227B0043D0E9 /* MyAppDelegate.swift */ = {isa = PBXFileReference; fileEncoding = 4; lastKnownFileType = sourcecode.swift; path = MyAppDelegate.swift; sourceTree = "<group>"; };
		508FE00D21EA227B0043D0E9 /* Alerts.swift */ = {isa = PBXFileReference; fileEncoding = 4; lastKnownFileType = sourcecode.swift; path = Alerts.swift; sourceTree = "<group>"; };
		508FE00E21EA227B0043D0E9 /* AudioEngine.swift */ = {isa = PBXFileReference; fileEncoding = 4; lastKnownFileType = sourcecode.swift; path = AudioEngine.swift; sourceTree = "<group>"; };
		508FE03121EA22C30043D0E9 /* ScriptCommands.swift */ = {isa = PBXFileReference; fileEncoding = 4; lastKnownFileType = sourcecode.swift; path = ScriptCommands.swift; sourceTree = "<group>"; };
		508FE03421EA22C30043D0E9 /* Notifications.swift */ = {isa = PBXFileReference; fileEncoding = 4; lastKnownFileType = sourcecode.swift; path = Notifications.swift; sourceTree = "<group>"; };
		508FE03B21EA22CC0043D0E9 /* RomPrefs.swift */ = {isa = PBXFileReference; fileEncoding = 4; lastKnownFileType = sourcecode.swift; path = RomPrefs.swift; sourceTree = "<group>"; };
		508FE03C21EA22CC0043D0E9 /* EmulatorPrefs.swift */ = {isa = PBXFileReference; fileEncoding = 4; lastKnownFileType = sourcecode.swift; path = EmulatorPrefs.swift; sourceTree = "<group>"; };
		508FE03E21EA22CC0043D0E9 /* HardwarePrefs.swift */ = {isa = PBXFileReference; fileEncoding = 4; lastKnownFileType = sourcecode.swift; path = HardwarePrefs.swift; sourceTree = "<group>"; };
		508FE03F21EA22CC0043D0E9 /* RomDropView.swift */ = {isa = PBXFileReference; fileEncoding = 4; lastKnownFileType = sourcecode.swift; path = RomDropView.swift; sourceTree = "<group>"; };
		508FE04021EA22CC0043D0E9 /* VideoPrefs.swift */ = {isa = PBXFileReference; fileEncoding = 4; lastKnownFileType = sourcecode.swift; path = VideoPrefs.swift; sourceTree = "<group>"; };
		508FE04121EA22CC0043D0E9 /* DevicesPrefs.swift */ = {isa = PBXFileReference; fileEncoding = 4; lastKnownFileType = sourcecode.swift; path = DevicesPrefs.swift; sourceTree = "<group>"; };
		508FE04221EA22CC0043D0E9 /* PreferencesWindow.swift */ = {isa = PBXFileReference; fileEncoding = 4; lastKnownFileType = sourcecode.swift; path = PreferencesWindow.swift; sourceTree = "<group>"; };
		508FE04321EA22CC0043D0E9 /* PreferencesController.swift */ = {isa = PBXFileReference; fileEncoding = 4; lastKnownFileType = sourcecode.swift; path = PreferencesController.swift; sourceTree = "<group>"; };
		508FE04521EA22CC0043D0E9 /* SnapshotController.swift */ = {isa = PBXFileReference; fileEncoding = 4; lastKnownFileType = sourcecode.swift; path = SnapshotController.swift; sourceTree = "<group>"; };
		508FE04621EA22CC0043D0E9 /* VirtualKeyboardController.swift */ = {isa = PBXFileReference; fileEncoding = 4; lastKnownFileType = sourcecode.swift; path = VirtualKeyboardController.swift; sourceTree = "<group>"; };
		508FE04721EA22CC0043D0E9 /* DialogController.swift */ = {isa = PBXFileReference; fileEncoding = 4; lastKnownFileType = sourcecode.swift; path = DialogController.swift; sourceTree = "<group>"; };
		508FE04A21EA22CC0043D0E9 /* DiskMountController.swift */ = {isa = PBXFileReference; fileEncoding = 4; lastKnownFileType = sourcecode.swift; path = DiskMountController.swift; sourceTree = "<group>"; };
		508FE04D21EA22CC0043D0E9 /* ExportDiskController.swift */ = {isa = PBXFileReference; fileEncoding = 4; lastKnownFileType = sourcecode.swift; path = ExportDiskController.swift; sourceTree = "<group>"; };
		508FE06321EA318D0043D0E9 /* AmigaFile.cpp */ = {isa = PBXFileReference; fileEncoding = 4; lastKnownFileType = sourcecode.cpp.cpp; path = AmigaFile.cpp; sourceTree = "<group>"; };
		508FE06421EA318D0043D0E9 /* AmigaFile.h */ = {isa = PBXFileReference; fileEncoding = 4; lastKnownFileType = sourcecode.c.h; path = AmigaFile.h; sourceTree = "<group>"; };
		50950ED622881B7A0073F755 /* ZorroManager.cpp */ = {isa = PBXFileReference; lastKnownFileType = sourcecode.cpp.cpp; path = ZorroManager.cpp; sourceTree = "<group>"; };
		50950ED722881B7A0073F755 /* ZorroManager.h */ = {isa = PBXFileReference; lastKnownFileType = sourcecode.c.h; path = ZorroManager.h; sourceTree = "<group>"; };
		509CF4CC22083F9800C500F0 /* CPUPanel.swift */ = {isa = PBXFileReference; lastKnownFileType = sourcecode.swift; path = CPUPanel.swift; sourceTree = "<group>"; };
		509CF4CE220847C600C500F0 /* InstrTableView.swift */ = {isa = PBXFileReference; lastKnownFileType = sourcecode.swift; path = InstrTableView.swift; sourceTree = "<group>"; };
		509CF4D02208487900C500F0 /* TraceTableView.swift */ = {isa = PBXFileReference; lastKnownFileType = sourcecode.swift; path = TraceTableView.swift; sourceTree = "<group>"; };
		509D4EF4228596A900E2C252 /* PaulaTypes.h */ = {isa = PBXFileReference; lastKnownFileType = sourcecode.c.h; path = PaulaTypes.h; sourceTree = "<group>"; };
		509F7F1821EDDF4F00A530E4 /* BootRom.cpp */ = {isa = PBXFileReference; lastKnownFileType = sourcecode.cpp.cpp; path = BootRom.cpp; sourceTree = "<group>"; };
		509F7F1921EDDF4F00A530E4 /* BootRom.h */ = {isa = PBXFileReference; lastKnownFileType = sourcecode.c.h; path = BootRom.h; sourceTree = "<group>"; };
		509F7F1B21EDEA0200A530E4 /* KickRom.cpp */ = {isa = PBXFileReference; lastKnownFileType = sourcecode.cpp.cpp; path = KickRom.cpp; sourceTree = "<group>"; };
		509F7F1C21EDEA0200A530E4 /* KickRom.h */ = {isa = PBXFileReference; lastKnownFileType = sourcecode.c.h; path = KickRom.h; sourceTree = "<group>"; };
		50A2953D21FF12EF0046BAA0 /* ControlPort.cpp */ = {isa = PBXFileReference; lastKnownFileType = sourcecode.cpp.cpp; path = ControlPort.cpp; sourceTree = "<group>"; };
		50A2953E21FF12EF0046BAA0 /* ControlPort.h */ = {isa = PBXFileReference; lastKnownFileType = sourcecode.c.h; path = ControlPort.h; sourceTree = "<group>"; };
		50B0AF92222531C500EE3689 /* CopperTableView.swift */ = {isa = PBXFileReference; lastKnownFileType = sourcecode.swift; path = CopperTableView.swift; sourceTree = "<group>"; };
		50B0DD1C220B5CEF00D6618A /* BreakpointManager.cpp */ = {isa = PBXFileReference; lastKnownFileType = sourcecode.cpp.cpp; path = BreakpointManager.cpp; sourceTree = "<group>"; };
		50B0DD1D220B5CEF00D6618A /* BreakpointManager.h */ = {isa = PBXFileReference; lastKnownFileType = sourcecode.c.h; path = BreakpointManager.h; sourceTree = "<group>"; };
		50B14C0521EB218E002E32A6 /* AmigaObject.cpp */ = {isa = PBXFileReference; lastKnownFileType = sourcecode.cpp.cpp; path = AmigaObject.cpp; sourceTree = "<group>"; };
		50B14C0621EB218E002E32A6 /* AmigaObject.h */ = {isa = PBXFileReference; lastKnownFileType = sourcecode.c.h; path = AmigaObject.h; sourceTree = "<group>"; };
		50B14C0821EB2248002E32A6 /* va_std.h */ = {isa = PBXFileReference; lastKnownFileType = sourcecode.c.h; path = va_std.h; sourceTree = "<group>"; };
		50B14C0921EB228E002E32A6 /* va_config.h */ = {isa = PBXFileReference; lastKnownFileType = sourcecode.c.h; path = va_config.h; sourceTree = "<group>"; };
		50B14C0A21EB2379002E32A6 /* va_types.h */ = {isa = PBXFileReference; lastKnownFileType = sourcecode.c.h; path = va_types.h; sourceTree = "<group>"; };
		50B14C0B21EB3708002E32A6 /* HardwareComponent.cpp */ = {isa = PBXFileReference; lastKnownFileType = sourcecode.cpp.cpp; path = HardwareComponent.cpp; sourceTree = "<group>"; };
		50B14C0C21EB3708002E32A6 /* HardwareComponent.h */ = {isa = PBXFileReference; lastKnownFileType = sourcecode.c.h; path = HardwareComponent.h; sourceTree = "<group>"; };
		50B14C0E21EB410B002E32A6 /* Amiga.cpp */ = {isa = PBXFileReference; lastKnownFileType = sourcecode.cpp.cpp; path = Amiga.cpp; sourceTree = "<group>"; };
		50B14C0F21EB410B002E32A6 /* Amiga.h */ = {isa = PBXFileReference; lastKnownFileType = sourcecode.c.h; path = Amiga.h; sourceTree = "<group>"; };
		50B14C1121EB4314002E32A6 /* va_std.cpp */ = {isa = PBXFileReference; lastKnownFileType = sourcecode.cpp.cpp; path = va_std.cpp; sourceTree = "<group>"; };
		50B14C1421EB8445002E32A6 /* 1541_door_closed_2.aiff */ = {isa = PBXFileReference; lastKnownFileType = audio.aiff; path = 1541_door_closed_2.aiff; sourceTree = "<group>"; };
		50B14C1521EB8445002E32A6 /* 1541_power_on_0.aiff */ = {isa = PBXFileReference; lastKnownFileType = audio.aiff; path = 1541_power_on_0.aiff; sourceTree = "<group>"; };
		50B14C1621EB8445002E32A6 /* 1541_track_change_2.aiff */ = {isa = PBXFileReference; lastKnownFileType = audio.aiff; path = 1541_track_change_2.aiff; sourceTree = "<group>"; };
		50B14C1721EB8445002E32A6 /* drive_click.aiff */ = {isa = PBXFileReference; lastKnownFileType = audio.aiff; path = drive_click.aiff; sourceTree = "<group>"; };
		50B14C1821EB8445002E32A6 /* 1541_track_change_0.aiff */ = {isa = PBXFileReference; lastKnownFileType = audio.aiff; path = 1541_track_change_0.aiff; sourceTree = "<group>"; };
		50B14C1921EB8445002E32A6 /* 1541_track_change_1.aiff */ = {isa = PBXFileReference; lastKnownFileType = audio.aiff; path = 1541_track_change_1.aiff; sourceTree = "<group>"; };
		50B14C1A21EB8445002E32A6 /* drive_snatch_uae.aiff */ = {isa = PBXFileReference; lastKnownFileType = audio.aiff; path = drive_snatch_uae.aiff; sourceTree = "<group>"; };
		50B14C1B21EB8445002E32A6 /* 1541_door_open_1.aiff */ = {isa = PBXFileReference; lastKnownFileType = audio.aiff; path = 1541_door_open_1.aiff; sourceTree = "<group>"; };
		50B14C2521EB9059002E32A6 /* Credits.rtf */ = {isa = PBXFileReference; fileEncoding = 4; lastKnownFileType = text.rtf; path = Credits.rtf; sourceTree = "<group>"; };
		50B14C2721EB97EC002E32A6 /* AmigaProxy.mm */ = {isa = PBXFileReference; lastKnownFileType = sourcecode.cpp.objcpp; path = AmigaProxy.mm; sourceTree = "<group>"; };
		50B14C2921EB9806002E32A6 /* AmigaProxy.h */ = {isa = PBXFileReference; lastKnownFileType = sourcecode.c.h; path = AmigaProxy.h; sourceTree = "<group>"; };
		50BBE08A21F5EB9B0099BBBB /* A1000ANSI.xib */ = {isa = PBXFileReference; lastKnownFileType = file.xib; name = A1000ANSI.xib; path = "XIB files/A1000ANSI.xib"; sourceTree = SOURCE_ROOT; };
		50C2DE4321F756900043FD1B /* MyControllerStatusBar.swift */ = {isa = PBXFileReference; lastKnownFileType = sourcecode.swift; path = MyControllerStatusBar.swift; sourceTree = "<group>"; };
		50C50B85220479E000D796DA /* BankTableView.swift */ = {isa = PBXFileReference; lastKnownFileType = sourcecode.swift; path = BankTableView.swift; sourceTree = "<group>"; };
		50D263CB21F6377600FA167F /* A500ANSI.xib */ = {isa = PBXFileReference; fileEncoding = 4; lastKnownFileType = file.xib; path = A500ANSI.xib; sourceTree = "<group>"; };
		50D263CD21F6378000FA167F /* A1000ISO.xib */ = {isa = PBXFileReference; fileEncoding = 4; lastKnownFileType = file.xib; path = A1000ISO.xib; sourceTree = "<group>"; };
		50D2ADB12207547300E32AB0 /* m68kcpu.c */ = {isa = PBXFileReference; fileEncoding = 4; lastKnownFileType = sourcecode.c.c; path = m68kcpu.c; sourceTree = "<group>"; };
		50D2ADB32207547400E32AB0 /* history.txt */ = {isa = PBXFileReference; fileEncoding = 4; lastKnownFileType = text; path = history.txt; sourceTree = "<group>"; };
		50D2ADB42207547400E32AB0 /* m68kdasm.c */ = {isa = PBXFileReference; fileEncoding = 4; lastKnownFileType = sourcecode.c.c; path = m68kdasm.c; sourceTree = "<group>"; };
		50D2ADB52207547400E32AB0 /* m68k.h */ = {isa = PBXFileReference; fileEncoding = 4; lastKnownFileType = sourcecode.c.h; path = m68k.h; sourceTree = "<group>"; };
		50D2ADB62207547400E32AB0 /* readme.txt */ = {isa = PBXFileReference; fileEncoding = 4; lastKnownFileType = text; path = readme.txt; sourceTree = "<group>"; };
		50D2ADB72207547400E32AB0 /* m68kconf.h */ = {isa = PBXFileReference; fileEncoding = 4; lastKnownFileType = sourcecode.c.h; path = m68kconf.h; sourceTree = "<group>"; };
		50D2ADB82207547500E32AB0 /* m68kcpu.h */ = {isa = PBXFileReference; fileEncoding = 4; lastKnownFileType = sourcecode.c.h; path = m68kcpu.h; sourceTree = "<group>"; };
		50D2ADC0220754A000E32AB0 /* m68kopnz.c */ = {isa = PBXFileReference; fileEncoding = 4; lastKnownFileType = sourcecode.c.c; path = m68kopnz.c; sourceTree = "<group>"; };
		50D2ADC1220754A000E32AB0 /* m68kopdm.c */ = {isa = PBXFileReference; fileEncoding = 4; lastKnownFileType = sourcecode.c.c; path = m68kopdm.c; sourceTree = "<group>"; };
		50D2ADC3220754A000E32AB0 /* m68kopac.c */ = {isa = PBXFileReference; fileEncoding = 4; lastKnownFileType = sourcecode.c.c; path = m68kopac.c; sourceTree = "<group>"; };
		50D2ADC4220754A000E32AB0 /* m68kops.c */ = {isa = PBXFileReference; fileEncoding = 4; lastKnownFileType = sourcecode.c.c; path = m68kops.c; sourceTree = "<group>"; };
		50D2ADC5220754A100E32AB0 /* m68kops.h */ = {isa = PBXFileReference; fileEncoding = 4; lastKnownFileType = sourcecode.c.h; path = m68kops.h; sourceTree = "<group>"; };
		50D375DD222C7C6B0040987C /* Blitter.cpp */ = {isa = PBXFileReference; lastKnownFileType = sourcecode.cpp.cpp; path = Blitter.cpp; sourceTree = "<group>"; };
		50D375DE222C7C6B0040987C /* Blitter.h */ = {isa = PBXFileReference; lastKnownFileType = sourcecode.c.h; path = Blitter.h; sourceTree = "<group>"; };
		50D52442227878E900F8959D /* DiskTypes.h */ = {isa = PBXFileReference; lastKnownFileType = sourcecode.c.h; path = DiskTypes.h; sourceTree = "<group>"; };
		50D5244322787D3C00F8959D /* MessageQueueTypes.h */ = {isa = PBXFileReference; lastKnownFileType = sourcecode.c.h; path = MessageQueueTypes.h; sourceTree = "<group>"; };
		50D661862282BE1800D67D88 /* AmigaTypes.h */ = {isa = PBXFileReference; lastKnownFileType = sourcecode.c.h; path = AmigaTypes.h; sourceTree = "<group>"; };
		50D7CDC22286E968002689F0 /* Joystick.cpp */ = {isa = PBXFileReference; lastKnownFileType = sourcecode.cpp.cpp; path = Joystick.cpp; sourceTree = "<group>"; };
		50D7CDC32286E968002689F0 /* Joystick.h */ = {isa = PBXFileReference; lastKnownFileType = sourcecode.c.h; path = Joystick.h; sourceTree = "<group>"; };
		50D7CDC52286EA48002689F0 /* ControlPortTypes.h */ = {isa = PBXFileReference; lastKnownFileType = sourcecode.c.h; path = ControlPortTypes.h; sourceTree = "<group>"; };
		50DED6AE2202EBA200B8195F /* Inspector.xib */ = {isa = PBXFileReference; lastKnownFileType = file.xib; path = Inspector.xib; sourceTree = "<group>"; };
		50DED6B02202EC3100B8195F /* Inspector.swift */ = {isa = PBXFileReference; lastKnownFileType = sourcecode.swift; path = Inspector.swift; sourceTree = "<group>"; };
		50DF2C9E2268CFC000795256 /* AgnusTypes.h */ = {isa = PBXFileReference; lastKnownFileType = sourcecode.c.h; path = AgnusTypes.h; sourceTree = "<group>"; };
		50DF2C9F2269135800795256 /* SpriteTableView.swift */ = {isa = PBXFileReference; lastKnownFileType = sourcecode.swift; path = SpriteTableView.swift; sourceTree = "<group>"; };
		50E1E5D12242B9DA008EF4B0 /* FastBlitter.cpp */ = {isa = PBXFileReference; lastKnownFileType = sourcecode.cpp.cpp; path = FastBlitter.cpp; sourceTree = "<group>"; };
		50EE993E21FF4D8E003BD74B /* AudioUnit.cpp */ = {isa = PBXFileReference; lastKnownFileType = sourcecode.cpp.cpp; path = AudioUnit.cpp; sourceTree = "<group>"; };
		50EE993F21FF4D8E003BD74B /* AudioUnit.h */ = {isa = PBXFileReference; lastKnownFileType = sourcecode.c.h; path = AudioUnit.h; sourceTree = "<group>"; };
		50F5A84D2214112F00AD5611 /* PaulaPanel.swift */ = {isa = PBXFileReference; lastKnownFileType = sourcecode.swift; path = PaulaPanel.swift; sourceTree = "<group>"; };
		50F5F27121F1B6DF000627D1 /* AmigaKey.swift */ = {isa = PBXFileReference; lastKnownFileType = sourcecode.swift; path = AmigaKey.swift; sourceTree = "<group>"; };
		50F6EEB621F4F5C60091155D /* Disk.cpp */ = {isa = PBXFileReference; lastKnownFileType = sourcecode.cpp.cpp; path = Disk.cpp; sourceTree = "<group>"; };
		50F6EEB721F4F5C60091155D /* Disk.h */ = {isa = PBXFileReference; lastKnownFileType = sourcecode.c.h; path = Disk.h; sourceTree = "<group>"; };
		50F6EEBC21F4F61F0091155D /* Drive.cpp */ = {isa = PBXFileReference; lastKnownFileType = sourcecode.cpp.cpp; path = Drive.cpp; sourceTree = "<group>"; };
		50F6EEBD21F4F61F0091155D /* Drive.h */ = {isa = PBXFileReference; lastKnownFileType = sourcecode.c.h; path = Drive.h; sourceTree = "<group>"; };
/* End PBXFileReference section */

/* Begin PBXFrameworksBuildPhase section */
		508FDE6121EA1FA40043D0E9 /* Frameworks */ = {
			isa = PBXFrameworksBuildPhase;
			buildActionMask = 2147483647;
			files = (
				508FDFE921EA21C80043D0E9 /* AppKit.framework in Frameworks */,
				508FDFE721EA21780043D0E9 /* CoreAudio.framework in Frameworks */,
				508FDFE521EA21630043D0E9 /* IOKit.framework in Frameworks */,
				508FDFE321EA21550043D0E9 /* Cocoa.framework in Frameworks */,
				508FDFE021EA214A0043D0E9 /* MetalKit.framework in Frameworks */,
				508FDFE121EA214A0043D0E9 /* Metal.framework in Frameworks */,
			);
			runOnlyForDeploymentPostprocessing = 0;
		};
		508FDE7521EA1FA50043D0E9 /* Frameworks */ = {
			isa = PBXFrameworksBuildPhase;
			buildActionMask = 2147483647;
			files = (
			);
			runOnlyForDeploymentPostprocessing = 0;
		};
		508FDE8021EA1FA50043D0E9 /* Frameworks */ = {
			isa = PBXFrameworksBuildPhase;
			buildActionMask = 2147483647;
			files = (
			);
			runOnlyForDeploymentPostprocessing = 0;
		};
/* End PBXFrameworksBuildPhase section */

/* Begin PBXGroup section */
		502F7DCF2221709700AEEC65 /* Denise */ = {
			isa = PBXGroup;
			children = (
				501E715022671FC20070B17D /* DeniseTypes.h */,
				5020B17F21EF136100B9E80E /* Denise.h */,
				5020B17E21EF136100B9E80E /* Denise.cpp */,
				502F7DD32221E52200AEEC65 /* Colorizer.h */,
				502F7DD22221E52200AEEC65 /* Colorizer.cpp */,
			);
			path = Denise;
			sourceTree = "<group>";
		};
		502F7DD0222170AE00AEEC65 /* Agnus */ = {
			isa = PBXGroup;
			children = (
				50DF2C9E2268CFC000795256 /* AgnusTypes.h */,
				5020B17C21EF121E00B9E80E /* Agnus.h */,
				5020B17B21EF121E00B9E80E /* Agnus.cpp */,
				502F7DD1222172CA00AEEC65 /* Copper.h */,
				502F7DCD2221706000AEEC65 /* Copper.cpp */,
				50D375DE222C7C6B0040987C /* Blitter.h */,
				50D375DD222C7C6B0040987C /* Blitter.cpp */,
				50E1E5D12242B9DA008EF4B0 /* FastBlitter.cpp */,
			);
			path = Agnus;
			sourceTree = "<group>";
		};
		508E7F962206CDC600F7D88C /* CPU */ = {
			isa = PBXGroup;
			children = (
				508E7F942206CDBD00F7D88C /* CPU.h */,
				508E7F932206CDBD00F7D88C /* CPU.cpp */,
				50B0DD1D220B5CEF00D6618A /* BreakpointManager.h */,
				50B0DD1C220B5CEF00D6618A /* BreakpointManager.cpp */,
				504F9655220ACFE0005F8AB7 /* Breakpoint.h */,
				504F9654220ACFE0005F8AB7 /* Breakpoint.cpp */,
				50D2ADBF2207547E00E32AB0 /* Musashi */,
			);
			path = CPU;
			sourceTree = "<group>";
		};
		508FDE5B21EA1FA40043D0E9 = {
			isa = PBXGroup;
			children = (
				508FE06021EA318D0043D0E9 /* Amiga */,
				508FDFDC21EA20600043D0E9 /* GUI */,
				508FDFAE21EA1FF10043D0E9 /* XIB files */,
				508FDE6621EA1FA40043D0E9 /* Resources */,
				508FDE7B21EA1FA50043D0E9 /* vAmigaTests */,
				508FDE8621EA1FA50043D0E9 /* vAmigaUITests */,
				508FDE6521EA1FA40043D0E9 /* Products */,
				508FDFDD21EA214A0043D0E9 /* Frameworks */,
			);
			sourceTree = "<group>";
		};
		508FDE6521EA1FA40043D0E9 /* Products */ = {
			isa = PBXGroup;
			children = (
				508FDE6421EA1FA40043D0E9 /* vAmiga.app */,
				508FDE7821EA1FA50043D0E9 /* vAmigaTests.xctest */,
				508FDE8321EA1FA50043D0E9 /* vAmigaUITests.xctest */,
			);
			name = Products;
			sourceTree = "<group>";
		};
		508FDE6621EA1FA40043D0E9 /* Resources */ = {
			isa = PBXGroup;
			children = (
				50B14C2521EB9059002E32A6 /* Credits.rtf */,
				50B14C1321EB8445002E32A6 /* sounds */,
				508FDE6D21EA1FA50043D0E9 /* Assets.xcassets */,
				508FDE7221EA1FA50043D0E9 /* Info.plist */,
				508FDE7321EA1FA50043D0E9 /* vAmiga.entitlements */,
			);
			path = Resources;
			sourceTree = "<group>";
		};
		508FDE7B21EA1FA50043D0E9 /* vAmigaTests */ = {
			isa = PBXGroup;
			children = (
				508FDE7C21EA1FA50043D0E9 /* VAmigaTests.swift */,
				508FDE7E21EA1FA50043D0E9 /* Info.plist */,
			);
			path = vAmigaTests;
			sourceTree = "<group>";
		};
		508FDE8621EA1FA50043D0E9 /* vAmigaUITests */ = {
			isa = PBXGroup;
			children = (
				508FDE8721EA1FA50043D0E9 /* vAmigaUITests.swift */,
				508FDE8921EA1FA50043D0E9 /* Info.plist */,
			);
			path = vAmigaUITests;
			sourceTree = "<group>";
		};
		508FDF5621EA1FBC0043D0E9 /* CIA */ = {
			isa = PBXGroup;
			children = (
				508FDF5721EA1FBC0043D0E9 /* CIA.h */,
				508FDF5C21EA1FBC0043D0E9 /* CIA.cpp */,
				508FDF5821EA1FBC0043D0E9 /* TOD.h */,
				508FDF5921EA1FBC0043D0E9 /* TOD.cpp */,
			);
			path = CIA;
			sourceTree = "<group>";
		};
		508FDFAE21EA1FF10043D0E9 /* XIB files */ = {
			isa = PBXGroup;
			children = (
				508FDFB121EA1FF10043D0E9 /* MainMenu.xib */,
				508FDFAF21EA1FF10043D0E9 /* MyDocument.xib */,
				50DED6AE2202EBA200B8195F /* Inspector.xib */,
				508FDFB321EA1FF10043D0E9 /* SnapshotDialog.xib */,
				508FDFB421EA1FF10043D0E9 /* KeyViewItem.xib */,
				508FDFB721EA1FF10043D0E9 /* ExportDiskDialog.xib */,
				508FDFBA21EA1FF10043D0E9 /* DiskMountDialog.xib */,
				508FDFBB21EA1FF10043D0E9 /* Preferences.xib */,
				508FDFBC21EA1FF10043D0E9 /* ExportScreenshotDialog.xib */,
				50D263CB21F6377600FA167F /* A500ANSI.xib */,
				508FDFB821EA1FF10043D0E9 /* A500ISO.xib */,
				50BBE08A21F5EB9B0099BBBB /* A1000ANSI.xib */,
				50D263CD21F6378000FA167F /* A1000ISO.xib */,
			);
			path = "XIB files";
			sourceTree = "<group>";
		};
		508FDFCB21EA20510043D0E9 /* Metal */ = {
			isa = PBXGroup;
			children = (
				508FDFCC21EA20510043D0E9 /* MetalSetup.swift */,
				508FDFCD21EA20510043D0E9 /* Animation.swift */,
				508FDFCE21EA20510043D0E9 /* DragAndDrop.swift */,
				508FDFCF21EA20510043D0E9 /* MetalView.swift */,
				508FDFD021EA20510043D0E9 /* Shaders.metal */,
				508FDFD121EA20510043D0E9 /* MetalViewEvents.swift */,
				508FDFD221EA20510043D0E9 /* ImageUtilities.swift */,
				508FDFD321EA20510043D0E9 /* Shaders.swift */,
			);
			path = Metal;
			sourceTree = "<group>";
		};
		508FDFDC21EA20600043D0E9 /* GUI */ = {
			isa = PBXGroup;
			children = (
				508FE00521EA227A0043D0E9 /* Basics.swift */,
				508FE00C21EA227B0043D0E9 /* MyAppDelegate.swift */,
				508FDFF721EA22790043D0E9 /* MyDocument.swift */,
				508FDFF921EA22790043D0E9 /* UserDefaults.swift */,
				508FE00D21EA227B0043D0E9 /* Alerts.swift */,
				508FE03A21EA22CC0043D0E9 /* Preferences */,
				508FE03921EA22CC0043D0E9 /* Dialogs */,
				508FE03021EA22C30043D0E9 /* Automation */,
				50B14C2421EB8F25002E32A6 /* Proxy */,
				509F7F1521ED141F00A530E4 /* Debugger */,
				509F7F1721ED157C00A530E4 /* Gamepads */,
				509F7F1621ED156100A530E4 /* Keyboard */,
				509F7F1421ED13F300A530E4 /* Controller */,
				508FDFEB21EA22780043D0E9 /* Speedometer.swift */,
				508FE00E21EA227B0043D0E9 /* AudioEngine.swift */,
				508FDFFD21EA22790043D0E9 /* TimeTravelTouchBar.swift */,
				508FDFCB21EA20510043D0E9 /* Metal */,
			);
			path = GUI;
			sourceTree = "<group>";
		};
		508FDFDD21EA214A0043D0E9 /* Frameworks */ = {
			isa = PBXGroup;
			children = (
				508FDFE821EA21C80043D0E9 /* AppKit.framework */,
				508FDFE621EA21780043D0E9 /* CoreAudio.framework */,
				508FDFE421EA21630043D0E9 /* IOKit.framework */,
				508FDFE221EA21550043D0E9 /* Cocoa.framework */,
				508FDFDF21EA214A0043D0E9 /* Metal.framework */,
				508FDFDE21EA214A0043D0E9 /* MetalKit.framework */,
			);
			name = Frameworks;
			sourceTree = "<group>";
		};
		508FE03021EA22C30043D0E9 /* Automation */ = {
			isa = PBXGroup;
			children = (
				508FE03121EA22C30043D0E9 /* ScriptCommands.swift */,
				508FE03421EA22C30043D0E9 /* Notifications.swift */,
			);
			path = Automation;
			sourceTree = "<group>";
		};
		508FE03921EA22CC0043D0E9 /* Dialogs */ = {
			isa = PBXGroup;
			children = (
				508FE04721EA22CC0043D0E9 /* DialogController.swift */,
				508FE04A21EA22CC0043D0E9 /* DiskMountController.swift */,
				508FE04521EA22CC0043D0E9 /* SnapshotController.swift */,
				508FE04D21EA22CC0043D0E9 /* ExportDiskController.swift */,
			);
			path = Dialogs;
			sourceTree = "<group>";
		};
		508FE03A21EA22CC0043D0E9 /* Preferences */ = {
			isa = PBXGroup;
			children = (
				508FE04221EA22CC0043D0E9 /* PreferencesWindow.swift */,
				508FE04321EA22CC0043D0E9 /* PreferencesController.swift */,
				508FE03B21EA22CC0043D0E9 /* RomPrefs.swift */,
				508FE03C21EA22CC0043D0E9 /* EmulatorPrefs.swift */,
				508FE03E21EA22CC0043D0E9 /* HardwarePrefs.swift */,
				508FE03F21EA22CC0043D0E9 /* RomDropView.swift */,
				508FE04021EA22CC0043D0E9 /* VideoPrefs.swift */,
				508FE04121EA22CC0043D0E9 /* DevicesPrefs.swift */,
			);
			path = Preferences;
			sourceTree = "<group>";
		};
		508FE06021EA318D0043D0E9 /* Amiga */ = {
			isa = PBXGroup;
			children = (
				50D661862282BE1800D67D88 /* AmigaTypes.h */,
				50B14C0F21EB410B002E32A6 /* Amiga.h */,
				50B14C0E21EB410B002E32A6 /* Amiga.cpp */,
				50B14C0421EB212E002E32A6 /* Foundation */,
				50A2953A21FF11F40046BAA0 /* Computer */,
				50A2953C21FF12C20046BAA0 /* Peripherals */,
				50A2953B21FF12170046BAA0 /* Drive */,
				508FE06621EA31E50043D0E9 /* FileTypes */,
			);
			path = Amiga;
			sourceTree = "<group>";
		};
		508FE06621EA31E50043D0E9 /* FileTypes */ = {
			isa = PBXGroup;
			children = (
				508FE06421EA318D0043D0E9 /* AmigaFile.h */,
				508FE06321EA318D0043D0E9 /* AmigaFile.cpp */,
				509F7F1921EDDF4F00A530E4 /* BootRom.h */,
				509F7F1821EDDF4F00A530E4 /* BootRom.cpp */,
				509F7F1C21EDEA0200A530E4 /* KickRom.h */,
				509F7F1B21EDEA0200A530E4 /* KickRom.cpp */,
				50384C8521FC6B66006E7748 /* AmigaSnapshot.h */,
				50384C8421FC6B66006E7748 /* AmigaSnapshot.cpp */,
				508833ED21F0D21B009890EA /* ADFFile.h */,
				508833EC21F0D21B009890EA /* ADFFile.cpp */,
			);
			path = FileTypes;
			sourceTree = "<group>";
		};
		50950ED522881B3C0073F755 /* Expansion */ = {
			isa = PBXGroup;
			children = (
				50950ED722881B7A0073F755 /* ZorroManager.h */,
				50950ED622881B7A0073F755 /* ZorroManager.cpp */,
			);
			path = Expansion;
			sourceTree = "<group>";
		};
		509F7F1421ED13F300A530E4 /* Controller */ = {
			isa = PBXGroup;
			children = (
				508FDFF421EA22790043D0E9 /* MyController.swift */,
				508FDFF521EA22790043D0E9 /* MyControllerMenu.swift */,
				508FDFED21EA22780043D0E9 /* MyControllerToolbar.swift */,
				508FE00721EA227A0043D0E9 /* MyControllerTouchBar.swift */,
				508FE00921EA227B0043D0E9 /* WindowDelegate.swift */,
				50C2DE4321F756900043FD1B /* MyControllerStatusBar.swift */,
				5043F6C4221972F90047CC30 /* MyToolbar.swift */,
			);
			path = Controller;
			sourceTree = "<group>";
		};
		509F7F1521ED141F00A530E4 /* Debugger */ = {
			isa = PBXGroup;
			children = (
				50DED6B02202EC3100B8195F /* Inspector.swift */,
				509CF4CC22083F9800C500F0 /* CPUPanel.swift */,
				508FDFEE21EA22780043D0E9 /* CIAPanel.swift */,
				508FE00221EA227A0043D0E9 /* MemoryPanel.swift */,
				507653CA2216F91E001D26E9 /* AgnusPanel.swift */,
				507FD925221CBFCD00B34DA7 /* CopperPanel.swift */,
				507653CC2216F938001D26E9 /* DenisePanel.swift */,
				50F5A84D2214112F00AD5611 /* PaulaPanel.swift */,
				502EFD092248EC0200F0E118 /* EventPanel.swift */,
				509CF4CE220847C600C500F0 /* InstrTableView.swift */,
				509CF4D02208487900C500F0 /* TraceTableView.swift */,
				504F9657220B2CEE005F8AB7 /* BreakTableView.swift */,
				50C50B85220479E000D796DA /* BankTableView.swift */,
				508FDFF821EA22790043D0E9 /* MemTableView.swift */,
				508FDFF621EA22790043D0E9 /* Formatter.swift */,
				508FDFF021EA22780043D0E9 /* WaveformView.swift */,
				50B0AF92222531C500EE3689 /* CopperTableView.swift */,
				50DF2C9F2269135800795256 /* SpriteTableView.swift */,
				502EFD0B2248ECAA00F0E118 /* EventTableView.swift */,
			);
			path = Debugger;
			sourceTree = "<group>";
		};
		509F7F1621ED156100A530E4 /* Keyboard */ = {
			isa = PBXGroup;
			children = (
				508FE00021EA227A0043D0E9 /* KeyboardController.swift */,
				508FE04621EA22CC0043D0E9 /* VirtualKeyboardController.swift */,
				508FDFFF21EA227A0043D0E9 /* MacKey.swift */,
				50F5F27121F1B6DF000627D1 /* AmigaKey.swift */,
				508FE00A21EA227B0043D0E9 /* C64Key.swift */,
			);
			path = Keyboard;
			sourceTree = "<group>";
		};
		509F7F1721ED157C00A530E4 /* Gamepads */ = {
			isa = PBXGroup;
			children = (
				508FDFF121EA22780043D0E9 /* GamePad.swift */,
				508FE00121EA227A0043D0E9 /* GamePadManager.swift */,
			);
			path = Gamepads;
			sourceTree = "<group>";
		};
		50A2953A21FF11F40046BAA0 /* Computer */ = {
			isa = PBXGroup;
			children = (
				50D5244322787D3C00F8959D /* MessageQueueTypes.h */,
				508FDEF821EA1FBC0043D0E9 /* MessageQueue.h */,
				508FDEF521EA1FBC0043D0E9 /* MessageQueue.cpp */,
				501E715122677BFF0070B17D /* EventHandlerTypes.h */,
				5085FE5621FB3BAE009753EF /* EventHandler.h */,
				5085FE5521FB3BAE009753EF /* EventHandler.cpp */,
				5064851021EC7A1700FC4AC3 /* Memory.h */,
				5064850F21EC7A1700FC4AC3 /* Memory.cpp */,
				501B821C2262FFB200042871 /* RTC.h */,
				501B821B2262FFB200042871 /* RTC.cpp */,
				508E7F962206CDC600F7D88C /* CPU */,
				508FDF5621EA1FBC0043D0E9 /* CIA */,
				502F7DD0222170AE00AEEC65 /* Agnus */,
				502F7DCF2221709700AEEC65 /* Denise */,
				50EE993D21FF4D42003BD74B /* Paula */,
				50950ED522881B3C0073F755 /* Expansion */,
			);
			path = Computer;
			sourceTree = "<group>";
		};
		50A2953B21FF12170046BAA0 /* Drive */ = {
			isa = PBXGroup;
			children = (
				500770C1227C9FF3003A5F76 /* DriveTypes.h */,
				50F6EEBD21F4F61F0091155D /* Drive.h */,
				50F6EEBC21F4F61F0091155D /* Drive.cpp */,
				50D52442227878E900F8959D /* DiskTypes.h */,
				50F6EEB721F4F5C60091155D /* Disk.h */,
				50F6EEB621F4F5C60091155D /* Disk.cpp */,
			);
			path = Drive;
			sourceTree = "<group>";
		};
		50A2953C21FF12C20046BAA0 /* Peripherals */ = {
			isa = PBXGroup;
			children = (
				50D7CDC52286EA48002689F0 /* ControlPortTypes.h */,
				50A2953E21FF12EF0046BAA0 /* ControlPort.h */,
				50A2953D21FF12EF0046BAA0 /* ControlPort.cpp */,
				505554AB2264C47600CB07E0 /* Mouse.h */,
				505554AA2264C47600CB07E0 /* Mouse.cpp */,
				50D7CDC32286E968002689F0 /* Joystick.h */,
				50D7CDC22286E968002689F0 /* Joystick.cpp */,
				5014DD1421F3625200BC14BA /* Keyboard.h */,
				5014DD1321F3625200BC14BA /* Keyboard.cpp */,
			);
			path = Peripherals;
			sourceTree = "<group>";
		};
		50B14C0421EB212E002E32A6 /* Foundation */ = {
			isa = PBXGroup;
			children = (
				50B14C0921EB228E002E32A6 /* va_config.h */,
				5082D83A21EF891200CF7692 /* va_constants.h */,
				50B14C0A21EB2379002E32A6 /* va_types.h */,
				50B14C0821EB2248002E32A6 /* va_std.h */,
				50B14C1121EB4314002E32A6 /* va_std.cpp */,
				505A3A3921F4996400132020 /* sse_utils.h */,
				505A3A3821F4996400132020 /* sse_utils.cpp */,
				50B14C0621EB218E002E32A6 /* AmigaObject.h */,
				50B14C0521EB218E002E32A6 /* AmigaObject.cpp */,
				50B14C0C21EB3708002E32A6 /* HardwareComponent.h */,
				50B14C0B21EB3708002E32A6 /* HardwareComponent.cpp */,
			);
			path = Foundation;
			sourceTree = "<group>";
		};
		50B14C1321EB8445002E32A6 /* sounds */ = {
			isa = PBXGroup;
			children = (
				50B14C1421EB8445002E32A6 /* 1541_door_closed_2.aiff */,
				50B14C1521EB8445002E32A6 /* 1541_power_on_0.aiff */,
				50B14C1621EB8445002E32A6 /* 1541_track_change_2.aiff */,
				50B14C1721EB8445002E32A6 /* drive_click.aiff */,
				50B14C1821EB8445002E32A6 /* 1541_track_change_0.aiff */,
				50B14C1921EB8445002E32A6 /* 1541_track_change_1.aiff */,
				50B14C1A21EB8445002E32A6 /* drive_snatch_uae.aiff */,
				50B14C1B21EB8445002E32A6 /* 1541_door_open_1.aiff */,
			);
			path = sounds;
			sourceTree = "<group>";
		};
		50B14C2421EB8F25002E32A6 /* Proxy */ = {
			isa = PBXGroup;
			children = (
				508FDFFA21EA22790043D0E9 /* VirtualC64-Bridging-Header.h */,
				50B14C2921EB9806002E32A6 /* AmigaProxy.h */,
				50B14C2721EB97EC002E32A6 /* AmigaProxy.mm */,
				5085FE5821FB6856009753EF /* ProxyExtensions.swift */,
			);
			path = Proxy;
			sourceTree = "<group>";
		};
		50D2ADBF2207547E00E32AB0 /* Musashi */ = {
			isa = PBXGroup;
			children = (
				50D2ADC3220754A000E32AB0 /* m68kopac.c */,
				50D2ADC1220754A000E32AB0 /* m68kopdm.c */,
				50D2ADC0220754A000E32AB0 /* m68kopnz.c */,
				50D2ADC4220754A000E32AB0 /* m68kops.c */,
				50D2ADC5220754A100E32AB0 /* m68kops.h */,
				50D2ADB32207547400E32AB0 /* history.txt */,
				50D2ADB52207547400E32AB0 /* m68k.h */,
				50D2ADB72207547400E32AB0 /* m68kconf.h */,
				50D2ADB12207547300E32AB0 /* m68kcpu.c */,
				50D2ADB82207547500E32AB0 /* m68kcpu.h */,
				50D2ADB42207547400E32AB0 /* m68kdasm.c */,
				50D2ADB62207547400E32AB0 /* readme.txt */,
			);
			path = Musashi;
			sourceTree = "<group>";
		};
		50EE993D21FF4D42003BD74B /* Paula */ = {
			isa = PBXGroup;
			children = (
				509D4EF4228596A900E2C252 /* PaulaTypes.h */,
				5030891021EFA74600FEAD12 /* Paula.h */,
				5030890F21EFA74600FEAD12 /* Paula.cpp */,
				50EE993F21FF4D8E003BD74B /* AudioUnit.h */,
				50EE993E21FF4D8E003BD74B /* AudioUnit.cpp */,
				505A214F22869FF10016EA21 /* AudioFilter.h */,
				505A214E22869FF10016EA21 /* AudioFilter.cpp */,
				500C0A552259402D000121CD /* DiskController.h */,
				500C0A542259402D000121CD /* DiskController.cpp */,
			);
			path = Paula;
			sourceTree = "<group>";
		};
/* End PBXGroup section */

/* Begin PBXNativeTarget section */
		508FDE6321EA1FA40043D0E9 /* vAmiga */ = {
			isa = PBXNativeTarget;
			buildConfigurationList = 508FDE8C21EA1FA50043D0E9 /* Build configuration list for PBXNativeTarget "vAmiga" */;
			buildPhases = (
				508FDE6021EA1FA40043D0E9 /* Sources */,
				508FDE6121EA1FA40043D0E9 /* Frameworks */,
				508FDE6221EA1FA40043D0E9 /* Resources */,
				50F186A522894F1F00C170A0 /* Run Swiftlint */,
			);
			buildRules = (
			);
			dependencies = (
			);
			name = vAmiga;
			productName = vAmiga;
			productReference = 508FDE6421EA1FA40043D0E9 /* vAmiga.app */;
			productType = "com.apple.product-type.application";
		};
		508FDE7721EA1FA50043D0E9 /* vAmigaTests */ = {
			isa = PBXNativeTarget;
			buildConfigurationList = 508FDE8F21EA1FA50043D0E9 /* Build configuration list for PBXNativeTarget "vAmigaTests" */;
			buildPhases = (
				508FDE7421EA1FA50043D0E9 /* Sources */,
				508FDE7521EA1FA50043D0E9 /* Frameworks */,
				508FDE7621EA1FA50043D0E9 /* Resources */,
			);
			buildRules = (
			);
			dependencies = (
				508FDE7A21EA1FA50043D0E9 /* PBXTargetDependency */,
			);
			name = vAmigaTests;
			productName = vAmigaTests;
			productReference = 508FDE7821EA1FA50043D0E9 /* vAmigaTests.xctest */;
			productType = "com.apple.product-type.bundle.unit-test";
		};
		508FDE8221EA1FA50043D0E9 /* vAmigaUITests */ = {
			isa = PBXNativeTarget;
			buildConfigurationList = 508FDE9221EA1FA50043D0E9 /* Build configuration list for PBXNativeTarget "vAmigaUITests" */;
			buildPhases = (
				508FDE7F21EA1FA50043D0E9 /* Sources */,
				508FDE8021EA1FA50043D0E9 /* Frameworks */,
				508FDE8121EA1FA50043D0E9 /* Resources */,
			);
			buildRules = (
			);
			dependencies = (
				508FDE8521EA1FA50043D0E9 /* PBXTargetDependency */,
			);
			name = vAmigaUITests;
			productName = vAmigaUITests;
			productReference = 508FDE8321EA1FA50043D0E9 /* vAmigaUITests.xctest */;
			productType = "com.apple.product-type.bundle.ui-testing";
		};
/* End PBXNativeTarget section */

/* Begin PBXProject section */
		508FDE5C21EA1FA40043D0E9 /* Project object */ = {
			isa = PBXProject;
			attributes = {
				LastSwiftUpdateCheck = 1010;
				LastUpgradeCheck = 1020;
				ORGANIZATIONNAME = "Dirk Hoffmann";
				TargetAttributes = {
					508FDE6321EA1FA40043D0E9 = {
						CreatedOnToolsVersion = 10.1;
						LastSwiftMigration = 1020;
					};
					508FDE7721EA1FA50043D0E9 = {
						CreatedOnToolsVersion = 10.1;
						TestTargetID = 508FDE6321EA1FA40043D0E9;
					};
					508FDE8221EA1FA50043D0E9 = {
						CreatedOnToolsVersion = 10.1;
						TestTargetID = 508FDE6321EA1FA40043D0E9;
					};
				};
			};
			buildConfigurationList = 508FDE5F21EA1FA40043D0E9 /* Build configuration list for PBXProject "vAmiga" */;
			compatibilityVersion = "Xcode 9.3";
			developmentRegion = en;
			hasScannedForEncodings = 0;
			knownRegions = (
				en,
				Base,
			);
			mainGroup = 508FDE5B21EA1FA40043D0E9;
			productRefGroup = 508FDE6521EA1FA40043D0E9 /* Products */;
			projectDirPath = "";
			projectRoot = "";
			targets = (
				508FDE6321EA1FA40043D0E9 /* vAmiga */,
				508FDE7721EA1FA50043D0E9 /* vAmigaTests */,
				508FDE8221EA1FA50043D0E9 /* vAmigaUITests */,
			);
		};
/* End PBXProject section */

/* Begin PBXResourcesBuildPhase section */
		508FDE6221EA1FA40043D0E9 /* Resources */ = {
			isa = PBXResourcesBuildPhase;
			buildActionMask = 2147483647;
			files = (
				50BBE08B21F5EB9B0099BBBB /* A1000ANSI.xib in Resources */,
				508FDFC821EA1FF10043D0E9 /* Preferences.xib in Resources */,
				50DED6AF2202EBA200B8195F /* Inspector.xib in Resources */,
				50D2ADBC2207547500E32AB0 /* history.txt in Resources */,
				508FDFC421EA1FF10043D0E9 /* ExportDiskDialog.xib in Resources */,
				50B14C1F21EB8445002E32A6 /* drive_click.aiff in Resources */,
				50D263CC21F6377700FA167F /* A500ANSI.xib in Resources */,
				50B14C1C21EB8445002E32A6 /* 1541_door_closed_2.aiff in Resources */,
				508FDFC721EA1FF10043D0E9 /* DiskMountDialog.xib in Resources */,
				50B14C2321EB8445002E32A6 /* 1541_door_open_1.aiff in Resources */,
				50D2ADBE2207547500E32AB0 /* readme.txt in Resources */,
				508FDFBE21EA1FF10043D0E9 /* MyDocument.xib in Resources */,
				508FDFC521EA1FF10043D0E9 /* A500ISO.xib in Resources */,
				50D263CE21F6378100FA167F /* A1000ISO.xib in Resources */,
				50B14C2021EB8445002E32A6 /* 1541_track_change_0.aiff in Resources */,
				508FDFC021EA1FF10043D0E9 /* SnapshotDialog.xib in Resources */,
				50B14C1D21EB8445002E32A6 /* 1541_power_on_0.aiff in Resources */,
				508FDE6E21EA1FA50043D0E9 /* Assets.xcassets in Resources */,
				50B14C2221EB8445002E32A6 /* drive_snatch_uae.aiff in Resources */,
				50B14C1E21EB8445002E32A6 /* 1541_track_change_2.aiff in Resources */,
				50B14C2621EB905A002E32A6 /* Credits.rtf in Resources */,
				508FDFBF21EA1FF10043D0E9 /* MainMenu.xib in Resources */,
				508FDFC121EA1FF10043D0E9 /* KeyViewItem.xib in Resources */,
				50B14C2121EB8445002E32A6 /* 1541_track_change_1.aiff in Resources */,
				508FDFC921EA1FF10043D0E9 /* ExportScreenshotDialog.xib in Resources */,
			);
			runOnlyForDeploymentPostprocessing = 0;
		};
		508FDE7621EA1FA50043D0E9 /* Resources */ = {
			isa = PBXResourcesBuildPhase;
			buildActionMask = 2147483647;
			files = (
			);
			runOnlyForDeploymentPostprocessing = 0;
		};
		508FDE8121EA1FA50043D0E9 /* Resources */ = {
			isa = PBXResourcesBuildPhase;
			buildActionMask = 2147483647;
			files = (
			);
			runOnlyForDeploymentPostprocessing = 0;
		};
/* End PBXResourcesBuildPhase section */

/* Begin PBXShellScriptBuildPhase section */
		50F186A522894F1F00C170A0 /* Run Swiftlint */ = {
			isa = PBXShellScriptBuildPhase;
			buildActionMask = 2147483647;
			files = (
			);
			inputFileListPaths = (
			);
			inputPaths = (
			);
			name = "Run Swiftlint";
			outputFileListPaths = (
			);
			outputPaths = (
			);
			runOnlyForDeploymentPostprocessing = 0;
			shellPath = /bin/sh;
			shellScript = "if which swiftlint >/dev/null; then\nswiftlint\nelse\necho \"warning: SwiftLint not installed, download from https://github.com/realm/SwiftLint\"\nfi\n";
		};
/* End PBXShellScriptBuildPhase section */

/* Begin PBXSourcesBuildPhase section */
		508FDE6021EA1FA40043D0E9 /* Sources */ = {
			isa = PBXSourcesBuildPhase;
			buildActionMask = 2147483647;
			files = (
				508FDFD821EA20510043D0E9 /* Shaders.metal in Sources */,
				50D7CDC42286E968002689F0 /* Joystick.cpp in Sources */,
				508FE02521EA227B0043D0E9 /* MemoryPanel.swift in Sources */,
				50B14C1221EB4314002E32A6 /* va_std.cpp in Sources */,
				508FE01021EA227B0043D0E9 /* Speedometer.swift in Sources */,
				508FE01221EA227B0043D0E9 /* CIAPanel.swift in Sources */,
				504F9656220ACFE0005F8AB7 /* Breakpoint.cpp in Sources */,
				5030891121EFA74600FEAD12 /* Paula.cpp in Sources */,
				508FE05921EA22CC0043D0E9 /* VirtualKeyboardController.swift in Sources */,
				502F7DD42221E52200AEEC65 /* Colorizer.cpp in Sources */,
				508FDFAD21EA1FBC0043D0E9 /* CIA.cpp in Sources */,
				508FDFD521EA20510043D0E9 /* Animation.swift in Sources */,
				5020B17D21EF121E00B9E80E /* Agnus.cpp in Sources */,
				508FE01A21EA227B0043D0E9 /* Formatter.swift in Sources */,
				509CF4D12208487900C500F0 /* TraceTableView.swift in Sources */,
				508FE02721EA227B0043D0E9 /* Basics.swift in Sources */,
				505A3A3A21F4996400132020 /* sse_utils.cpp in Sources */,
				50C50B86220479E000D796DA /* BankTableView.swift in Sources */,
				50D2ADC6220754A100E32AB0 /* m68kopnz.c in Sources */,
				508FE05A21EA22CC0043D0E9 /* DialogController.swift in Sources */,
				504F9658220B2CEE005F8AB7 /* BreakTableView.swift in Sources */,
				50EE994021FF4D8E003BD74B /* AudioUnit.cpp in Sources */,
				508FDFDA21EA20510043D0E9 /* ImageUtilities.swift in Sources */,
				508FE05521EA22CC0043D0E9 /* PreferencesWindow.swift in Sources */,
				508FE02021EA227B0043D0E9 /* TimeTravelTouchBar.swift in Sources */,
				505554AC2264C47600CB07E0 /* Mouse.cpp in Sources */,
				508FE01521EA227B0043D0E9 /* GamePad.swift in Sources */,
				50DF2CA02269135800795256 /* SpriteTableView.swift in Sources */,
				5020B18021EF136100B9E80E /* Denise.cpp in Sources */,
				50B14C1021EB410B002E32A6 /* Amiga.cpp in Sources */,
				507FD926221CBFCD00B34DA7 /* CopperPanel.swift in Sources */,
				50C2DE4421F756900043FD1B /* MyControllerStatusBar.swift in Sources */,
				509CF4CD22083F9800C500F0 /* CPUPanel.swift in Sources */,
				508FDFD921EA20510043D0E9 /* MetalViewEvents.swift in Sources */,
				50D375DF222C7C6B0040987C /* Blitter.cpp in Sources */,
				508FDFAC21EA1FBC0043D0E9 /* TOD.cpp in Sources */,
				50B14C0D21EB3708002E32A6 /* HardwareComponent.cpp in Sources */,
				50D2ADBA2207547500E32AB0 /* m68kcpu.c in Sources */,
				5043F6C5221972F90047CC30 /* MyToolbar.swift in Sources */,
				50384C8621FC6B66006E7748 /* AmigaSnapshot.cpp in Sources */,
				502F7DCE2221706000AEEC65 /* Copper.cpp in Sources */,
				508FE02D21EA227B0043D0E9 /* MyAppDelegate.swift in Sources */,
				508FE02E21EA227B0043D0E9 /* Alerts.swift in Sources */,
				508FE02921EA227B0043D0E9 /* MyControllerTouchBar.swift in Sources */,
				50D2ADBD2207547500E32AB0 /* m68kdasm.c in Sources */,
				508FE01121EA227B0043D0E9 /* MyControllerToolbar.swift in Sources */,
				508FE05821EA22CC0043D0E9 /* SnapshotController.swift in Sources */,
				508FE05221EA22CC0043D0E9 /* RomDropView.swift in Sources */,
				508FDFD621EA20510043D0E9 /* DragAndDrop.swift in Sources */,
				508FE05F21EA22CC0043D0E9 /* ExportDiskController.swift in Sources */,
				508FE03521EA22C30043D0E9 /* ScriptCommands.swift in Sources */,
				508FE01821EA227B0043D0E9 /* MyController.swift in Sources */,
				5014DD1521F3625200BC14BA /* Keyboard.cpp in Sources */,
				50A2953F21FF12EF0046BAA0 /* ControlPort.cpp in Sources */,
				501B821D2262FFB200042871 /* RTC.cpp in Sources */,
				508FE02B21EA227B0043D0E9 /* WindowDelegate.swift in Sources */,
				50B14C2821EB97EC002E32A6 /* AmigaProxy.mm in Sources */,
				50DED6B12202EC3100B8195F /* Inspector.swift in Sources */,
				509F7F1A21EDDF4F00A530E4 /* BootRom.cpp in Sources */,
				508FE05121EA22CC0043D0E9 /* HardwarePrefs.swift in Sources */,
				50D2ADCA220754A100E32AB0 /* m68kops.c in Sources */,
				508FE03821EA22C30043D0E9 /* Notifications.swift in Sources */,
				508FE02421EA227B0043D0E9 /* GamePadManager.swift in Sources */,
				50D2ADC9220754A100E32AB0 /* m68kopac.c in Sources */,
				50B14C0721EB218E002E32A6 /* AmigaObject.cpp in Sources */,
				508E7F952206CDBD00F7D88C /* CPU.cpp in Sources */,
				508FE02F21EA227B0043D0E9 /* AudioEngine.swift in Sources */,
				5085FE5921FB6856009753EF /* ProxyExtensions.swift in Sources */,
				50950ED822881B7A0073F755 /* ZorroManager.cpp in Sources */,
				508FE04F21EA22CC0043D0E9 /* EmulatorPrefs.swift in Sources */,
				50F5A84E2214112F00AD5611 /* PaulaPanel.swift in Sources */,
				502EFD0A2248EC0200F0E118 /* EventPanel.swift in Sources */,
				5064851121EC7A1700FC4AC3 /* Memory.cpp in Sources */,
				508FE01B21EA227B0043D0E9 /* MyDocument.swift in Sources */,
				508FDFDB21EA20510043D0E9 /* Shaders.swift in Sources */,
				508FE01D21EA227B0043D0E9 /* UserDefaults.swift in Sources */,
				509CF4CF220847C600C500F0 /* InstrTableView.swift in Sources */,
				508FE04E21EA22CC0043D0E9 /* RomPrefs.swift in Sources */,
				507653CB2216F91E001D26E9 /* AgnusPanel.swift in Sources */,
				508FE06521EA318D0043D0E9 /* AmigaFile.cpp in Sources */,
				508FE05621EA22CC0043D0E9 /* PreferencesController.swift in Sources */,
				505A215022869FF10016EA21 /* AudioFilter.cpp in Sources */,
				50D2ADC7220754A100E32AB0 /* m68kopdm.c in Sources */,
				508FE05321EA22CC0043D0E9 /* VideoPrefs.swift in Sources */,
				508833EE21F0D21B009890EA /* ADFFile.cpp in Sources */,
				508FE02321EA227B0043D0E9 /* KeyboardController.swift in Sources */,
				508FE02221EA227B0043D0E9 /* MacKey.swift in Sources */,
				50F6EEBE21F4F61F0091155D /* Drive.cpp in Sources */,
				50F6EEB821F4F5C60091155D /* Disk.cpp in Sources */,
				50E1E5D22242B9DA008EF4B0 /* FastBlitter.cpp in Sources */,
				502EFD0C2248ECAA00F0E118 /* EventTableView.swift in Sources */,
				508FE01921EA227B0043D0E9 /* MyControllerMenu.swift in Sources */,
				508FE01C21EA227B0043D0E9 /* MemTableView.swift in Sources */,
				508FE05421EA22CC0043D0E9 /* DevicesPrefs.swift in Sources */,
				50F5F27221F1B6DF000627D1 /* AmigaKey.swift in Sources */,
				508FDFD721EA20510043D0E9 /* MetalView.swift in Sources */,
				508FDF8721EA1FBC0043D0E9 /* MessageQueue.cpp in Sources */,
				508FDFD421EA20510043D0E9 /* MetalSetup.swift in Sources */,
				508FE02C21EA227B0043D0E9 /* C64Key.swift in Sources */,
				508FE01421EA227B0043D0E9 /* WaveformView.swift in Sources */,
				507653CD2216F938001D26E9 /* DenisePanel.swift in Sources */,
				500C0A562259402D000121CD /* DiskController.cpp in Sources */,
				50B0DD1E220B5CEF00D6618A /* BreakpointManager.cpp in Sources */,
				509F7F1D21EDEA0200A530E4 /* KickRom.cpp in Sources */,
				508FE05C21EA22CC0043D0E9 /* DiskMountController.swift in Sources */,
				50B0AF93222531C500EE3689 /* CopperTableView.swift in Sources */,
				5085FE5721FB3BAE009753EF /* EventHandler.cpp in Sources */,
			);
			runOnlyForDeploymentPostprocessing = 0;
		};
		508FDE7421EA1FA50043D0E9 /* Sources */ = {
			isa = PBXSourcesBuildPhase;
			buildActionMask = 2147483647;
			files = (
				508FDE7D21EA1FA50043D0E9 /* VAmigaTests.swift in Sources */,
			);
			runOnlyForDeploymentPostprocessing = 0;
		};
		508FDE7F21EA1FA50043D0E9 /* Sources */ = {
			isa = PBXSourcesBuildPhase;
			buildActionMask = 2147483647;
			files = (
				508FDE8821EA1FA50043D0E9 /* vAmigaUITests.swift in Sources */,
			);
			runOnlyForDeploymentPostprocessing = 0;
		};
/* End PBXSourcesBuildPhase section */

/* Begin PBXTargetDependency section */
		508FDE7A21EA1FA50043D0E9 /* PBXTargetDependency */ = {
			isa = PBXTargetDependency;
			target = 508FDE6321EA1FA40043D0E9 /* vAmiga */;
			targetProxy = 508FDE7921EA1FA50043D0E9 /* PBXContainerItemProxy */;
		};
		508FDE8521EA1FA50043D0E9 /* PBXTargetDependency */ = {
			isa = PBXTargetDependency;
			target = 508FDE6321EA1FA40043D0E9 /* vAmiga */;
			targetProxy = 508FDE8421EA1FA50043D0E9 /* PBXContainerItemProxy */;
		};
/* End PBXTargetDependency section */

/* Begin PBXVariantGroup section */
		508FDFAF21EA1FF10043D0E9 /* MyDocument.xib */ = {
			isa = PBXVariantGroup;
			children = (
				505AD25A224A67CE0052A014 /* en */,
			);
			name = MyDocument.xib;
			sourceTree = "<group>";
		};
		508FDFB121EA1FF10043D0E9 /* MainMenu.xib */ = {
			isa = PBXVariantGroup;
			children = (
				505AD259224A67CD0052A014 /* en */,
			);
			name = MainMenu.xib;
			sourceTree = "<group>";
		};
/* End PBXVariantGroup section */

/* Begin XCBuildConfiguration section */
		508FDE8A21EA1FA50043D0E9 /* Debug */ = {
			isa = XCBuildConfiguration;
			buildSettings = {
				ALWAYS_SEARCH_USER_PATHS = NO;
				CLANG_ANALYZER_LOCALIZABILITY_NONLOCALIZED = YES;
				CLANG_ANALYZER_NONNULL = YES;
				CLANG_ANALYZER_NUMBER_OBJECT_CONVERSION = YES_AGGRESSIVE;
				CLANG_CXX_LANGUAGE_STANDARD = "gnu++17";
				CLANG_CXX_LIBRARY = "libc++";
				CLANG_ENABLE_MODULES = YES;
				CLANG_ENABLE_OBJC_ARC = YES;
				CLANG_ENABLE_OBJC_WEAK = YES;
				CLANG_WARN_BLOCK_CAPTURE_AUTORELEASING = YES;
				CLANG_WARN_BOOL_CONVERSION = YES;
				CLANG_WARN_COMMA = YES;
				CLANG_WARN_CONSTANT_CONVERSION = YES;
				CLANG_WARN_DEPRECATED_OBJC_IMPLEMENTATIONS = YES;
				CLANG_WARN_DIRECT_OBJC_ISA_USAGE = YES_ERROR;
				CLANG_WARN_DOCUMENTATION_COMMENTS = YES;
				CLANG_WARN_EMPTY_BODY = YES;
				CLANG_WARN_ENUM_CONVERSION = YES;
				CLANG_WARN_INFINITE_RECURSION = YES;
				CLANG_WARN_INT_CONVERSION = YES;
				CLANG_WARN_NON_LITERAL_NULL_CONVERSION = YES;
				CLANG_WARN_OBJC_IMPLICIT_RETAIN_SELF = YES;
				CLANG_WARN_OBJC_LITERAL_CONVERSION = YES;
				CLANG_WARN_OBJC_ROOT_CLASS = YES_ERROR;
				CLANG_WARN_RANGE_LOOP_ANALYSIS = YES;
				CLANG_WARN_STRICT_PROTOTYPES = YES;
				CLANG_WARN_SUSPICIOUS_MOVE = YES;
				CLANG_WARN_UNGUARDED_AVAILABILITY = YES_AGGRESSIVE;
				CLANG_WARN_UNREACHABLE_CODE = YES;
				CLANG_WARN__DUPLICATE_METHOD_MATCH = YES;
				CODE_SIGN_IDENTITY = "-";
				COPY_PHASE_STRIP = NO;
				DEBUG_INFORMATION_FORMAT = dwarf;
				ENABLE_STRICT_OBJC_MSGSEND = YES;
				ENABLE_TESTABILITY = YES;
				GCC_C_LANGUAGE_STANDARD = gnu11;
				GCC_DYNAMIC_NO_PIC = NO;
				GCC_NO_COMMON_BLOCKS = YES;
				GCC_OPTIMIZATION_LEVEL = 0;
				GCC_PREPROCESSOR_DEFINITIONS = (
					"DEBUG=1",
					"$(inherited)",
				);
				GCC_WARN_64_TO_32_BIT_CONVERSION = NO;
				GCC_WARN_ABOUT_RETURN_TYPE = YES_ERROR;
				GCC_WARN_UNDECLARED_SELECTOR = YES;
				GCC_WARN_UNINITIALIZED_AUTOS = YES_AGGRESSIVE;
				GCC_WARN_UNUSED_FUNCTION = YES;
				GCC_WARN_UNUSED_VARIABLE = YES;
				MACOSX_DEPLOYMENT_TARGET = 10.14;
				MTL_ENABLE_DEBUG_INFO = INCLUDE_SOURCE;
				MTL_FAST_MATH = YES;
				ONLY_ACTIVE_ARCH = YES;
				SDKROOT = macosx;
				SWIFT_ACTIVE_COMPILATION_CONDITIONS = DEBUG;
				SWIFT_OBJC_BRIDGING_HEADER = "GUI/Proxy/VirtualC64-Bridging-Header.h";
				SWIFT_OPTIMIZATION_LEVEL = "-Onone";
			};
			name = Debug;
		};
		508FDE8B21EA1FA50043D0E9 /* Release */ = {
			isa = XCBuildConfiguration;
			buildSettings = {
				ALWAYS_SEARCH_USER_PATHS = NO;
				CLANG_ANALYZER_LOCALIZABILITY_NONLOCALIZED = YES;
				CLANG_ANALYZER_NONNULL = YES;
				CLANG_ANALYZER_NUMBER_OBJECT_CONVERSION = YES_AGGRESSIVE;
				CLANG_CXX_LANGUAGE_STANDARD = "gnu++17";
				CLANG_CXX_LIBRARY = "libc++";
				CLANG_ENABLE_MODULES = YES;
				CLANG_ENABLE_OBJC_ARC = YES;
				CLANG_ENABLE_OBJC_WEAK = YES;
				CLANG_WARN_BLOCK_CAPTURE_AUTORELEASING = YES;
				CLANG_WARN_BOOL_CONVERSION = YES;
				CLANG_WARN_COMMA = YES;
				CLANG_WARN_CONSTANT_CONVERSION = YES;
				CLANG_WARN_DEPRECATED_OBJC_IMPLEMENTATIONS = YES;
				CLANG_WARN_DIRECT_OBJC_ISA_USAGE = YES_ERROR;
				CLANG_WARN_DOCUMENTATION_COMMENTS = YES;
				CLANG_WARN_EMPTY_BODY = YES;
				CLANG_WARN_ENUM_CONVERSION = YES;
				CLANG_WARN_INFINITE_RECURSION = YES;
				CLANG_WARN_INT_CONVERSION = YES;
				CLANG_WARN_NON_LITERAL_NULL_CONVERSION = YES;
				CLANG_WARN_OBJC_IMPLICIT_RETAIN_SELF = YES;
				CLANG_WARN_OBJC_LITERAL_CONVERSION = YES;
				CLANG_WARN_OBJC_ROOT_CLASS = YES_ERROR;
				CLANG_WARN_RANGE_LOOP_ANALYSIS = YES;
				CLANG_WARN_STRICT_PROTOTYPES = YES;
				CLANG_WARN_SUSPICIOUS_MOVE = YES;
				CLANG_WARN_UNGUARDED_AVAILABILITY = YES_AGGRESSIVE;
				CLANG_WARN_UNREACHABLE_CODE = YES;
				CLANG_WARN__DUPLICATE_METHOD_MATCH = YES;
				CODE_SIGN_IDENTITY = "-";
				COPY_PHASE_STRIP = NO;
				DEBUG_INFORMATION_FORMAT = "dwarf-with-dsym";
				ENABLE_NS_ASSERTIONS = NO;
				ENABLE_STRICT_OBJC_MSGSEND = YES;
				GCC_C_LANGUAGE_STANDARD = gnu11;
				GCC_NO_COMMON_BLOCKS = YES;
				GCC_WARN_64_TO_32_BIT_CONVERSION = NO;
				GCC_WARN_ABOUT_RETURN_TYPE = YES_ERROR;
				GCC_WARN_UNDECLARED_SELECTOR = YES;
				GCC_WARN_UNINITIALIZED_AUTOS = YES_AGGRESSIVE;
				GCC_WARN_UNUSED_FUNCTION = YES;
				GCC_WARN_UNUSED_VARIABLE = YES;
				MACOSX_DEPLOYMENT_TARGET = 10.14;
				MTL_ENABLE_DEBUG_INFO = NO;
				MTL_FAST_MATH = YES;
				SDKROOT = macosx;
				SWIFT_COMPILATION_MODE = wholemodule;
				SWIFT_OBJC_BRIDGING_HEADER = "GUI/Proxy/VirtualC64-Bridging-Header.h";
				SWIFT_OPTIMIZATION_LEVEL = "-O";
			};
			name = Release;
		};
		508FDE8D21EA1FA50043D0E9 /* Debug */ = {
			isa = XCBuildConfiguration;
			buildSettings = {
				ASSETCATALOG_COMPILER_APPICON_NAME = AppIcon;
				CODE_SIGN_ENTITLEMENTS = Resources/vAmiga.entitlements;
				CODE_SIGN_STYLE = Automatic;
				COMBINE_HIDPI_IMAGES = YES;
				INFOPLIST_FILE = Resources/Info.plist;
				LD_RUNPATH_SEARCH_PATHS = (
					"$(inherited)",
					"@executable_path/../Frameworks",
				);
				PRODUCT_BUNDLE_IDENTIFIER = dirkwhoffmann.vAmiga;
				PRODUCT_NAME = "$(TARGET_NAME)";
				SWIFT_VERSION = 5.0;
			};
			name = Debug;
		};
		508FDE8E21EA1FA50043D0E9 /* Release */ = {
			isa = XCBuildConfiguration;
			buildSettings = {
				ASSETCATALOG_COMPILER_APPICON_NAME = AppIcon;
				CODE_SIGN_ENTITLEMENTS = Resources/vAmiga.entitlements;
				CODE_SIGN_STYLE = Automatic;
				COMBINE_HIDPI_IMAGES = YES;
				INFOPLIST_FILE = Resources/Info.plist;
				LD_RUNPATH_SEARCH_PATHS = (
					"$(inherited)",
					"@executable_path/../Frameworks",
				);
				PRODUCT_BUNDLE_IDENTIFIER = dirkwhoffmann.vAmiga;
				PRODUCT_NAME = "$(TARGET_NAME)";
				SWIFT_VERSION = 5.0;
			};
			name = Release;
		};
		508FDE9021EA1FA50043D0E9 /* Debug */ = {
			isa = XCBuildConfiguration;
			buildSettings = {
				ALWAYS_EMBED_SWIFT_STANDARD_LIBRARIES = YES;
				BUNDLE_LOADER = "$(TEST_HOST)";
				CODE_SIGN_STYLE = Automatic;
				COMBINE_HIDPI_IMAGES = YES;
				INFOPLIST_FILE = vAmigaTests/Info.plist;
				LD_RUNPATH_SEARCH_PATHS = (
					"$(inherited)",
					"@executable_path/../Frameworks",
					"@loader_path/../Frameworks",
				);
				PRODUCT_BUNDLE_IDENTIFIER = dirkwhoffmann.vAmigaTests;
				PRODUCT_NAME = "$(TARGET_NAME)";
				SWIFT_VERSION = 4.2;
				TEST_HOST = "$(BUILT_PRODUCTS_DIR)/vAmiga.app/Contents/MacOS/vAmiga";
			};
			name = Debug;
		};
		508FDE9121EA1FA50043D0E9 /* Release */ = {
			isa = XCBuildConfiguration;
			buildSettings = {
				ALWAYS_EMBED_SWIFT_STANDARD_LIBRARIES = YES;
				BUNDLE_LOADER = "$(TEST_HOST)";
				CODE_SIGN_STYLE = Automatic;
				COMBINE_HIDPI_IMAGES = YES;
				INFOPLIST_FILE = vAmigaTests/Info.plist;
				LD_RUNPATH_SEARCH_PATHS = (
					"$(inherited)",
					"@executable_path/../Frameworks",
					"@loader_path/../Frameworks",
				);
				PRODUCT_BUNDLE_IDENTIFIER = dirkwhoffmann.vAmigaTests;
				PRODUCT_NAME = "$(TARGET_NAME)";
				SWIFT_VERSION = 4.2;
				TEST_HOST = "$(BUILT_PRODUCTS_DIR)/vAmiga.app/Contents/MacOS/vAmiga";
			};
			name = Release;
		};
		508FDE9321EA1FA50043D0E9 /* Debug */ = {
			isa = XCBuildConfiguration;
			buildSettings = {
				ALWAYS_EMBED_SWIFT_STANDARD_LIBRARIES = YES;
				CODE_SIGN_STYLE = Automatic;
				COMBINE_HIDPI_IMAGES = YES;
				INFOPLIST_FILE = vAmigaUITests/Info.plist;
				LD_RUNPATH_SEARCH_PATHS = (
					"$(inherited)",
					"@executable_path/../Frameworks",
					"@loader_path/../Frameworks",
				);
				PRODUCT_BUNDLE_IDENTIFIER = dirkwhoffmann.vAmigaUITests;
				PRODUCT_NAME = "$(TARGET_NAME)";
				SWIFT_VERSION = 4.2;
				TEST_TARGET_NAME = vAmiga;
			};
			name = Debug;
		};
		508FDE9421EA1FA50043D0E9 /* Release */ = {
			isa = XCBuildConfiguration;
			buildSettings = {
				ALWAYS_EMBED_SWIFT_STANDARD_LIBRARIES = YES;
				CODE_SIGN_STYLE = Automatic;
				COMBINE_HIDPI_IMAGES = YES;
				INFOPLIST_FILE = vAmigaUITests/Info.plist;
				LD_RUNPATH_SEARCH_PATHS = (
					"$(inherited)",
					"@executable_path/../Frameworks",
					"@loader_path/../Frameworks",
				);
				PRODUCT_BUNDLE_IDENTIFIER = dirkwhoffmann.vAmigaUITests;
				PRODUCT_NAME = "$(TARGET_NAME)";
				SWIFT_VERSION = 4.2;
				TEST_TARGET_NAME = vAmiga;
			};
			name = Release;
		};
/* End XCBuildConfiguration section */

/* Begin XCConfigurationList section */
		508FDE5F21EA1FA40043D0E9 /* Build configuration list for PBXProject "vAmiga" */ = {
			isa = XCConfigurationList;
			buildConfigurations = (
				508FDE8A21EA1FA50043D0E9 /* Debug */,
				508FDE8B21EA1FA50043D0E9 /* Release */,
			);
			defaultConfigurationIsVisible = 0;
			defaultConfigurationName = Release;
		};
		508FDE8C21EA1FA50043D0E9 /* Build configuration list for PBXNativeTarget "vAmiga" */ = {
			isa = XCConfigurationList;
			buildConfigurations = (
				508FDE8D21EA1FA50043D0E9 /* Debug */,
				508FDE8E21EA1FA50043D0E9 /* Release */,
			);
			defaultConfigurationIsVisible = 0;
			defaultConfigurationName = Release;
		};
		508FDE8F21EA1FA50043D0E9 /* Build configuration list for PBXNativeTarget "vAmigaTests" */ = {
			isa = XCConfigurationList;
			buildConfigurations = (
				508FDE9021EA1FA50043D0E9 /* Debug */,
				508FDE9121EA1FA50043D0E9 /* Release */,
			);
			defaultConfigurationIsVisible = 0;
			defaultConfigurationName = Release;
		};
		508FDE9221EA1FA50043D0E9 /* Build configuration list for PBXNativeTarget "vAmigaUITests" */ = {
			isa = XCConfigurationList;
			buildConfigurations = (
				508FDE9321EA1FA50043D0E9 /* Debug */,
				508FDE9421EA1FA50043D0E9 /* Release */,
			);
			defaultConfigurationIsVisible = 0;
			defaultConfigurationName = Release;
		};
/* End XCConfigurationList section */
	};
	rootObject = 508FDE5C21EA1FA40043D0E9 /* Project object */;
}
